PODS:
  - DeepDiff (2.0.1)
  - Kingfisher (5.3.1)

DEPENDENCIES:
  - DeepDiff
  - Kingfisher

SPEC REPOS:
  https://github.com/cocoapods/specs.git:
    - DeepDiff
    - Kingfisher

SPEC CHECKSUMS:
  DeepDiff: 1944bb2c841ab238a66b31de1faa7627f3ca84bd
  Kingfisher: d9e7e0b209b59b8f9873aa2f37654e81a7beea51

PODFILE CHECKSUM: 5de35f9f4d7e5e8d6ad389671c6f3ed48434ef8b

COCOAPODS: 1.6.1
