PODS:
  - DeepDiff (1.3.0)
  - Kingfisher (4.10.0)
  - PromiseKit (6.5.2):
    - PromiseKit/CorePromise (= 6.5.2)
    - PromiseKit/Foundation (= 6.5.2)
    - PromiseKit/UIKit (= 6.5.2)
  - PromiseKit/CorePromise (6.5.2)
  - PromiseKit/Foundation (6.5.2):
    - PromiseKit/CorePromise
  - PromiseKit/UIKit (6.5.2):
    - PromiseKit/CorePromise

DEPENDENCIES:
  - DeepDiff
  - Kingfisher
  - PromiseKit

SPEC REPOS:
  https://github.com/cocoapods/specs.git:
    - DeepDiff
    - Kingfisher
    - PromiseKit

SPEC CHECKSUMS:
  DeepDiff: 0d52be4ac0822b38f1ce1ad1514c841d7166a67b
  Kingfisher: 43c4b802d8b5256cf1f4379e9cd10b329be6d3e2
  PromiseKit: 27c1601bfb73405871b805bcb8cf7e55c4dad3db

PODFILE CHECKSUM: 71f7128ee456062299b1cf04a4b347698d2d0937

COCOAPODS: 1.5.3
