PODS:
  - DeepDiff (1.2.0)
  - Kingfisher (4.10.0)

DEPENDENCIES:
  - DeepDiff
  - Kingfisher

SPEC REPOS:
  https://github.com/cocoapods/specs.git:
    - DeepDiff
    - Kingfisher

SPEC CHECKSUMS:
  DeepDiff: 0ee83ac6942d441f677c22e981548c6e0937f2b6
  Kingfisher: 43c4b802d8b5256cf1f4379e9cd10b329be6d3e2

PODFILE CHECKSUM: 5de35f9f4d7e5e8d6ad389671c6f3ed48434ef8b

COCOAPODS: 1.5.3
