// !$*UTF8*$!
{
	archiveVersion = 1;
	classes = {
	};
	objectVersion = 48;
	objects = {

/* Begin PBXBuildFile section */
		16208BB3E59F12DA0F39EDC2 /* Pods_SwifterUI.framework in Frameworks */ = {isa = PBXBuildFile; fileRef = 3B0230C9F419D0411D02E8AB /* Pods_SwifterUI.framework */; };
		1FAA548F9B3DB61CF5B675FE /* Pods_SwifterUIUITests.framework in Frameworks */ = {isa = PBXBuildFile; fileRef = C79BEACC89055D0892977B0E /* Pods_SwifterUIUITests.framework */; };
		42087C2321427E3100F71CA9 /* SFChatBarButton.swift in Sources */ = {isa = PBXBuildFile; fileRef = 42087C2221427E3100F71CA9 /* SFChatBarButton.swift */; };
		42087C272142B21900F71CA9 /* SFSignViewTextField.swift in Sources */ = {isa = PBXBuildFile; fileRef = 42087C262142B21900F71CA9 /* SFSignViewTextField.swift */; };
		42087C292142B77B00F71CA9 /* SFPopView.swift in Sources */ = {isa = PBXBuildFile; fileRef = 42087C282142B77B00F71CA9 /* SFPopView.swift */; };
		42087C2B2142BA9200F71CA9 /* SFPopViewController.swift in Sources */ = {isa = PBXBuildFile; fileRef = 42087C2A2142BA9200F71CA9 /* SFPopViewController.swift */; };
		420AFCE52080189400D9D778 /* SFTextScrollSection.swift in Sources */ = {isa = PBXBuildFile; fileRef = 420AFCE42080189400D9D778 /* SFTextScrollSection.swift */; };
		420AFCE7208026CC00D9D778 /* SFStackView.swift in Sources */ = {isa = PBXBuildFile; fileRef = 420AFCE6208026CC00D9D778 /* SFStackView.swift */; };
		420F5491212E307B00890F07 /* SFDataManager.swift in Sources */ = {isa = PBXBuildFile; fileRef = 420F5490212E307B00890F07 /* SFDataManager.swift */; };
		4211D873209C9D9F00C89FAC /* SFPageSectionsViewController.swift in Sources */ = {isa = PBXBuildFile; fileRef = 4211D872209C9D9F00C89FAC /* SFPageSectionsViewController.swift */; };
		4211D87B209CD92C00C89FAC /* SFPageBar.swift in Sources */ = {isa = PBXBuildFile; fileRef = 4211D87A209CD92C00C89FAC /* SFPageBar.swift */; };
		4211D87D209CD96200C89FAC /* SFPageView.swift in Sources */ = {isa = PBXBuildFile; fileRef = 4211D87C209CD96200C89FAC /* SFPageView.swift */; };
		4223C5171FE7A0C300A2E2F2 /* ConstraintRelation.swift in Sources */ = {isa = PBXBuildFile; fileRef = 4223C5161FE7A0C300A2E2F2 /* ConstraintRelation.swift */; };
		42289AE2203481A30095FF5C /* String.swift in Sources */ = {isa = PBXBuildFile; fileRef = 42289AE1203481A30095FF5C /* String.swift */; };
		42289AE4203481C70095FF5C /* UITableView.swift in Sources */ = {isa = PBXBuildFile; fileRef = 42289AE3203481C70095FF5C /* UITableView.swift */; };
		422FC79F2145498B0023F362 /* SFSingleChat.swift in Sources */ = {isa = PBXBuildFile; fileRef = 422FC79E2145498B0023F362 /* SFSingleChat.swift */; };
		4230E8E8204CBF79003E5BCC /* SFTableViewHeaderFooterView.swift in Sources */ = {isa = PBXBuildFile; fileRef = 4230E8E7204CBF79003E5BCC /* SFTableViewHeaderFooterView.swift */; };
		4230E8EA204CC1DA003E5BCC /* SFNotificationIndicator.swift in Sources */ = {isa = PBXBuildFile; fileRef = 4230E8E9204CC1DA003E5BCC /* SFNotificationIndicator.swift */; };
		4230E8EC204CC42C003E5BCC /* SFBubbleView.swift in Sources */ = {isa = PBXBuildFile; fileRef = 4230E8EB204CC42C003E5BCC /* SFBubbleView.swift */; };
		423AABF01FE7548F009D6C39 /* AppDelegate.swift in Sources */ = {isa = PBXBuildFile; fileRef = 423AABEF1FE7548F009D6C39 /* AppDelegate.swift */; };
		423AABF21FE7548F009D6C39 /* ViewController.swift in Sources */ = {isa = PBXBuildFile; fileRef = 423AABF11FE7548F009D6C39 /* ViewController.swift */; };
		423AABF71FE7548F009D6C39 /* Assets.xcassets in Resources */ = {isa = PBXBuildFile; fileRef = 423AABF61FE7548F009D6C39 /* Assets.xcassets */; };
		423AABFA1FE7548F009D6C39 /* LaunchScreen.storyboard in Resources */ = {isa = PBXBuildFile; fileRef = 423AABF81FE7548F009D6C39 /* LaunchScreen.storyboard */; };
		423AAC051FE7548F009D6C39 /* SwifterUITests.swift in Sources */ = {isa = PBXBuildFile; fileRef = 423AAC041FE7548F009D6C39 /* SwifterUITests.swift */; };
		423AAC101FE7548F009D6C39 /* SwifterUIUITests.swift in Sources */ = {isa = PBXBuildFile; fileRef = 423AAC0F1FE7548F009D6C39 /* SwifterUIUITests.swift */; };
		423AAC201FE76727009D6C39 /* UIViewLayout.swift in Sources */ = {isa = PBXBuildFile; fileRef = 423AAC1F1FE76727009D6C39 /* UIViewLayout.swift */; };
		423AAC241FE76763009D6C39 /* ConstraintEdge.swift in Sources */ = {isa = PBXBuildFile; fileRef = 423AAC231FE76763009D6C39 /* ConstraintEdge.swift */; };
		423AAC261FE7678C009D6C39 /* ConstraintAxis.swift in Sources */ = {isa = PBXBuildFile; fileRef = 423AAC251FE7678C009D6C39 /* ConstraintAxis.swift */; };
		423AAC281FE76B57009D6C39 /* SFDimension.swift in Sources */ = {isa = PBXBuildFile; fileRef = 423AAC271FE76B57009D6C39 /* SFDimension.swift */; };
		423AAC2A1FE770D5009D6C39 /* Constraint.swift in Sources */ = {isa = PBXBuildFile; fileRef = 423AAC291FE770D5009D6C39 /* Constraint.swift */; };
		423AAC2C1FE770E6009D6C39 /* Constraints.swift in Sources */ = {isa = PBXBuildFile; fileRef = 423AAC2B1FE770E6009D6C39 /* Constraints.swift */; };
		424426CB208CC72000AAFCCC /* SFAssets.swift in Sources */ = {isa = PBXBuildFile; fileRef = 424426CA208CC71F00AAFCCC /* SFAssets.swift */; };
		4244674F202A9FE900F59892 /* SFTableView.swift in Sources */ = {isa = PBXBuildFile; fileRef = 4244674E202A9FE900F59892 /* SFTableView.swift */; };
		42446773202AC27F00F59892 /* UIView.swift in Sources */ = {isa = PBXBuildFile; fileRef = 42446772202AC27F00F59892 /* UIView.swift */; };
		42446775202AC2BB00F59892 /* SFTextField.swift in Sources */ = {isa = PBXBuildFile; fileRef = 42446774202AC2BB00F59892 /* SFTextField.swift */; };
		42446777202AC57700F59892 /* SFTextView.swift in Sources */ = {isa = PBXBuildFile; fileRef = 42446776202AC57700F59892 /* SFTextView.swift */; };
		42446779202AC83000F59892 /* SFButton.swift in Sources */ = {isa = PBXBuildFile; fileRef = 42446778202AC83000F59892 /* SFButton.swift */; };
		424BE0BB1FF45AD7005DE2AD /* UIFont.swift in Sources */ = {isa = PBXBuildFile; fileRef = 424BE0BA1FF45AD7005DE2AD /* UIFont.swift */; };
		424BE0BF1FF45B18005DE2AD /* UIColor.swift in Sources */ = {isa = PBXBuildFile; fileRef = 424BE0BE1FF45B17005DE2AD /* UIColor.swift */; };
		424BE0C11FF45B2D005DE2AD /* Date.swift in Sources */ = {isa = PBXBuildFile; fileRef = 424BE0C01FF45B2D005DE2AD /* Date.swift */; };
		424BE0C61FF45C20005DE2AD /* SFPopPresentation.swift in Sources */ = {isa = PBXBuildFile; fileRef = 424BE0C51FF45C20005DE2AD /* SFPopPresentation.swift */; };
		424D5A692045ECF000C029E1 /* SFProfileImageView.swift in Sources */ = {isa = PBXBuildFile; fileRef = 424D5A682045ECF000C029E1 /* SFProfileImageView.swift */; };
		424E2C75202378EA00F9A4E2 /* UITextView.swift in Sources */ = {isa = PBXBuildFile; fileRef = 424E2C74202378EA00F9A4E2 /* UITextView.swift */; };
		4253D3C2203CDEE500507F88 /* SFTabBarController.swift in Sources */ = {isa = PBXBuildFile; fileRef = 4253D3C1203CDEE500507F88 /* SFTabBarController.swift */; };
		425AFDAC20300C580049B68B /* SFCollectionView.swift in Sources */ = {isa = PBXBuildFile; fileRef = 425AFDAB20300C580049B68B /* SFCollectionView.swift */; };
		425AFDAE20300C700049B68B /* SFCollectionViewCell.swift in Sources */ = {isa = PBXBuildFile; fileRef = 425AFDAD20300C700049B68B /* SFCollectionViewCell.swift */; };
		426A7C8E21747A0D0047A125 /* SFChatNavigationView.swift in Sources */ = {isa = PBXBuildFile; fileRef = 426A7C8D21747A0D0047A125 /* SFChatNavigationView.swift */; };
		426FA08520AB8FE800809280 /* SFPDFViewController.swift in Sources */ = {isa = PBXBuildFile; fileRef = 426FA08420AB8FE800809280 /* SFPDFViewController.swift */; };
		42710AC92135A66600413898 /* SFUser.swift in Sources */ = {isa = PBXBuildFile; fileRef = 42710AC82135A66600413898 /* SFUser.swift */; };
		42710ACD2135AF7200413898 /* SFChat.swift in Sources */ = {isa = PBXBuildFile; fileRef = 42710ACC2135AF7200413898 /* SFChat.swift */; };
		42710ACF2135F16100413898 /* SFContactsViewController.swift in Sources */ = {isa = PBXBuildFile; fileRef = 42710ACE2135F16100413898 /* SFContactsViewController.swift */; };
		42710AD52136ED0200413898 /* SFConversationView.swift in Sources */ = {isa = PBXBuildFile; fileRef = 42710AD42136ED0200413898 /* SFConversationView.swift */; };
		42795F64202FB55300C3767F /* SFSlideBar.swift in Sources */ = {isa = PBXBuildFile; fileRef = 42795F63202FB55300C3767F /* SFSlideBar.swift */; };
		42834C0C20465964009CFE22 /* SFButtonSection.swift in Sources */ = {isa = PBXBuildFile; fileRef = 42834C0B20465964009CFE22 /* SFButtonSection.swift */; };
		42838206206DA49000039F66 /* SFImageZoomViewController.swift in Sources */ = {isa = PBXBuildFile; fileRef = 42838205206DA49000039F66 /* SFImageZoomViewController.swift */; };
		42838208206DA4D200039F66 /* SFImageZoomView.swift in Sources */ = {isa = PBXBuildFile; fileRef = 42838207206DA4D200039F66 /* SFImageZoomView.swift */; };
		4286042C20A0D27C00D785FC /* SFCollectionManager.swift in Sources */ = {isa = PBXBuildFile; fileRef = 4286042B20A0D27C00D785FC /* SFCollectionManager.swift */; };
		42933BF42097D2AB00ED7175 /* SFTableManager.swift in Sources */ = {isa = PBXBuildFile; fileRef = 42933BF32097D2AB00ED7175 /* SFTableManager.swift */; };
		4299FB27211CC47900E9F233 /* SFLayoutView.swift in Sources */ = {isa = PBXBuildFile; fileRef = 4299FB26211CC47900E9F233 /* SFLayoutView.swift */; };
		4299FB29211E1C1100E9F233 /* SFFluidButton.swift in Sources */ = {isa = PBXBuildFile; fileRef = 4299FB28211E1C1100E9F233 /* SFFluidButton.swift */; };
		42A307A2212A28C60040D0F1 /* CGPoint.swift in Sources */ = {isa = PBXBuildFile; fileRef = 42A307A1212A28C60040D0F1 /* CGPoint.swift */; };
		42A307A4212A28DE0040D0F1 /* UISpringTimingParameters.swift in Sources */ = {isa = PBXBuildFile; fileRef = 42A307A3212A28DE0040D0F1 /* UISpringTimingParameters.swift */; };
		42A42EA91FF1A95F002FE4A7 /* SFColorStyleProtocol.swift in Sources */ = {isa = PBXBuildFile; fileRef = 42A42EA81FF1A95F002FE4A7 /* SFColorStyleProtocol.swift */; };
		42A42EAB1FF1A9AB002FE4A7 /* SFColorStyle.swift in Sources */ = {isa = PBXBuildFile; fileRef = 42A42EAA1FF1A9AB002FE4A7 /* SFColorStyle.swift */; };
		42A42EAD1FF1AB98002FE4A7 /* SFColors.swift in Sources */ = {isa = PBXBuildFile; fileRef = 42A42EAC1FF1AB98002FE4A7 /* SFColors.swift */; };
		42A42EAF1FF1AC2A002FE4A7 /* SFControllerColorStyle.swift in Sources */ = {isa = PBXBuildFile; fileRef = 42A42EAE1FF1AC2A002FE4A7 /* SFControllerColorStyle.swift */; };
		42A42EB11FF1AC37002FE4A7 /* SFViewColorStyle.swift in Sources */ = {isa = PBXBuildFile; fileRef = 42A42EB01FF1AC36002FE4A7 /* SFViewColorStyle.swift */; };
		42A42EB31FF1AD8C002FE4A7 /* SFViewController.swift in Sources */ = {isa = PBXBuildFile; fileRef = 42A42EB21FF1AD8C002FE4A7 /* SFViewController.swift */; };
		42A42EB51FF1B296002FE4A7 /* SFView.swift in Sources */ = {isa = PBXBuildFile; fileRef = 42A42EB41FF1B295002FE4A7 /* SFView.swift */; };
		42A42EBA1FF1BA36002FE4A7 /* SFGradient.swift in Sources */ = {isa = PBXBuildFile; fileRef = 42A42EB91FF1BA36002FE4A7 /* SFGradient.swift */; };
		42A42EBC1FF1BA3A002FE4A7 /* SFGradientDirection.swift in Sources */ = {isa = PBXBuildFile; fileRef = 42A42EBB1FF1BA39002FE4A7 /* SFGradientDirection.swift */; };
		42A42EBF1FF1BC81002FE4A7 /* SFGradientReady.swift in Sources */ = {isa = PBXBuildFile; fileRef = 42A42EBE1FF1BC81002FE4A7 /* SFGradientReady.swift */; };
		42A42EC31FF1C13E002FE4A7 /* SFVideoView.swift in Sources */ = {isa = PBXBuildFile; fileRef = 42A42EC21FF1C13E002FE4A7 /* SFVideoView.swift */; };
		42A67AC620411B3B00F2FF3E /* UIWindow.swift in Sources */ = {isa = PBXBuildFile; fileRef = 42A67AC520411B3B00F2FF3E /* UIWindow.swift */; };
		42A8CA6720608CB7004250A1 /* SFCollectionViewHeader.swift in Sources */ = {isa = PBXBuildFile; fileRef = 42A8CA6620608CB7004250A1 /* SFCollectionViewHeader.swift */; };
		42ABC4B3212A0B1E001B4B37 /* UIViewPropertyAnimator.swift in Sources */ = {isa = PBXBuildFile; fileRef = 42ABC4B2212A0B1E001B4B37 /* UIViewPropertyAnimator.swift */; };
		42AE237E20BD05EA00314B92 /* SFAnimationController.swift in Sources */ = {isa = PBXBuildFile; fileRef = 42AE237D20BD05EA00314B92 /* SFAnimationController.swift */; };
		42AE238020BD05FD00314B92 /* SFFadeAnimationController.swift in Sources */ = {isa = PBXBuildFile; fileRef = 42AE237F20BD05FD00314B92 /* SFFadeAnimationController.swift */; };
		42B253E31FEA04E90002C297 /* DispatchQueue.swift in Sources */ = {isa = PBXBuildFile; fileRef = 42B253E21FEA04E90002C297 /* DispatchQueue.swift */; };
		42B253E51FEA0E700002C297 /* ConstraintType.swift in Sources */ = {isa = PBXBuildFile; fileRef = 42B253E41FEA0E700002C297 /* ConstraintType.swift */; };
		42B61B792138467E007CDE77 /* SFConversationsTableViewController.swift in Sources */ = {isa = PBXBuildFile; fileRef = 42B61B782138467E007CDE77 /* SFConversationsTableViewController.swift */; };
		42B61B7B213846FD007CDE77 /* SFTableViewConversationCell.swift in Sources */ = {isa = PBXBuildFile; fileRef = 42B61B7A213846FD007CDE77 /* SFTableViewConversationCell.swift */; };
		42B7B27D203A611E004B5C6E /* SFScrollView.swift in Sources */ = {isa = PBXBuildFile; fileRef = 42B7B27C203A611E004B5C6E /* SFScrollView.swift */; };
		42BFCFC420537CA700111E17 /* Array.swift in Sources */ = {isa = PBXBuildFile; fileRef = 42BFCFC320537CA700111E17 /* Array.swift */; };
		42C15E3520BB97B00099B5AD /* SwifterUI.podspec in Resources */ = {isa = PBXBuildFile; fileRef = 42C15E3420BB97AF0099B5AD /* SwifterUI.podspec */; };
		42C2E17D20422DCA00087B3C /* UIViewController.swift in Sources */ = {isa = PBXBuildFile; fileRef = 42C2E17C20422DCA00087B3C /* UIViewController.swift */; };
		42C67250205CD7C400DA4BCB /* SFPickerView.swift in Sources */ = {isa = PBXBuildFile; fileRef = 42C6724F205CD7C400DA4BCB /* SFPickerView.swift */; };
		42C67252205CD7DE00DA4BCB /* SFDatePicker.swift in Sources */ = {isa = PBXBuildFile; fileRef = 42C67251205CD7DE00DA4BCB /* SFDatePicker.swift */; };
		42C701B12016834E00EBFBE2 /* SFSlideViewController.swift in Sources */ = {isa = PBXBuildFile; fileRef = 42C701B02016834E00EBFBE2 /* SFSlideViewController.swift */; };
		42C701B42016839500EBFBE2 /* SFPresentationManager.swift in Sources */ = {isa = PBXBuildFile; fileRef = 42C701B32016839500EBFBE2 /* SFPresentationManager.swift */; };
		42CB6AFC203602870080EFB8 /* SFMessage.swift in Sources */ = {isa = PBXBuildFile; fileRef = 42CB6AFB203602870080EFB8 /* SFMessage.swift */; };
		42CDA9BD20361BDE0046791D /* SFChatBar.swift in Sources */ = {isa = PBXBuildFile; fileRef = 42CDA9BC20361BDE0046791D /* SFChatBar.swift */; };
		42D13476208D436600EFB118 /* SFSignViewController.swift in Sources */ = {isa = PBXBuildFile; fileRef = 42D13475208D436600EFB118 /* SFSignViewController.swift */; };
		42D13478208D5F3000EFB118 /* SFSignUpView.swift in Sources */ = {isa = PBXBuildFile; fileRef = 42D13477208D5F3000EFB118 /* SFSignUpView.swift */; };
		42D1347A208D5F4300EFB118 /* SFSignInView.swift in Sources */ = {isa = PBXBuildFile; fileRef = 42D13479208D5F4300EFB118 /* SFSignInView.swift */; };
		42D1347C208D5F5500EFB118 /* SFSignView.swift in Sources */ = {isa = PBXBuildFile; fileRef = 42D1347B208D5F5500EFB118 /* SFSignView.swift */; };
		42D34C65202F5F84002B6FA6 /* SFLabel.swift in Sources */ = {isa = PBXBuildFile; fileRef = 42D34C64202F5F84002B6FA6 /* SFLabel.swift */; };
		42D34C6D202F6ECE002B6FA6 /* SFSection.swift in Sources */ = {isa = PBXBuildFile; fileRef = 42D34C6C202F6ECE002B6FA6 /* SFSection.swift */; };
		42D34C73202FABB3002B6FA6 /* SFNavigationController.swift in Sources */ = {isa = PBXBuildFile; fileRef = 42D34C72202FABB3002B6FA6 /* SFNavigationController.swift */; };
		42D34C75202FAF10002B6FA6 /* SFSlideView.swift in Sources */ = {isa = PBXBuildFile; fileRef = 42D34C74202FAF10002B6FA6 /* SFSlideView.swift */; };
		42D71B0920D0FF380079EFCE /* SFPageViewController.swift in Sources */ = {isa = PBXBuildFile; fileRef = 42D71B0820D0FF380079EFCE /* SFPageViewController.swift */; };
		42DBF1A4203754E900F4BB6F /* SFBulletinView.swift in Sources */ = {isa = PBXBuildFile; fileRef = 42DBF1A3203754E900F4BB6F /* SFBulletinView.swift */; };
		42DBF1A62037556F00F4BB6F /* SFBulletinController.swift in Sources */ = {isa = PBXBuildFile; fileRef = 42DBF1A52037556F00F4BB6F /* SFBulletinController.swift */; };
		42E83BBD202B98F800A341C5 /* SFTableViewCell.swift in Sources */ = {isa = PBXBuildFile; fileRef = 42E83BBC202B98F800A341C5 /* SFTableViewCell.swift */; };
		42EB9AA821450F8A009353C4 /* Podfile in Resources */ = {isa = PBXBuildFile; fileRef = 42EB9AA721450F8A009353C4 /* Podfile */; };
		42F12D03215591C3000B2F51 /* SFChatViewController.swift in Sources */ = {isa = PBXBuildFile; fileRef = 42F12D02215591C3000B2F51 /* SFChatViewController.swift */; };
		42F12D05215591D6000B2F51 /* SFTableViewChatCell.swift in Sources */ = {isa = PBXBuildFile; fileRef = 42F12D04215591D6000B2F51 /* SFTableViewChatCell.swift */; };
		42FAD75920B7376C00E5AE19 /* SFDataSection.swift in Sources */ = {isa = PBXBuildFile; fileRef = 42FAD75820B7376C00E5AE19 /* SFDataSection.swift */; };
		42FB9F9C202FC8AB006895F4 /* SFTableViewProfileCell.swift in Sources */ = {isa = PBXBuildFile; fileRef = 42FB9F9B202FC8AB006895F4 /* SFTableViewProfileCell.swift */; };
		49E574EE4AA5A1722212F0FA /* Pods_SwifterUITests.framework in Frameworks */ = {isa = PBXBuildFile; fileRef = 08B6A698CD50ED99BBE8D49B /* Pods_SwifterUITests.framework */; };
/* End PBXBuildFile section */

/* Begin PBXContainerItemProxy section */
		423AAC011FE7548F009D6C39 /* PBXContainerItemProxy */ = {
			isa = PBXContainerItemProxy;
			containerPortal = 423AABE41FE7548E009D6C39 /* Project object */;
			proxyType = 1;
			remoteGlobalIDString = 423AABEB1FE7548E009D6C39;
			remoteInfo = SwifterUI;
		};
		423AAC0C1FE7548F009D6C39 /* PBXContainerItemProxy */ = {
			isa = PBXContainerItemProxy;
			containerPortal = 423AABE41FE7548E009D6C39 /* Project object */;
			proxyType = 1;
			remoteGlobalIDString = 423AABEB1FE7548E009D6C39;
			remoteInfo = SwifterUI;
		};
/* End PBXContainerItemProxy section */

/* Begin PBXFileReference section */
		08B6A698CD50ED99BBE8D49B /* Pods_SwifterUITests.framework */ = {isa = PBXFileReference; explicitFileType = wrapper.framework; includeInIndex = 0; path = Pods_SwifterUITests.framework; sourceTree = BUILT_PRODUCTS_DIR; };
		170AABA9ED1D1AF4C192523D /* Pods-SwifterUIUITests.release.xcconfig */ = {isa = PBXFileReference; includeInIndex = 1; lastKnownFileType = text.xcconfig; name = "Pods-SwifterUIUITests.release.xcconfig"; path = "Pods/Target Support Files/Pods-SwifterUIUITests/Pods-SwifterUIUITests.release.xcconfig"; sourceTree = "<group>"; };
		1A9CD7FA1F40C94061326184 /* Pods-SwifterUI.debug.xcconfig */ = {isa = PBXFileReference; includeInIndex = 1; lastKnownFileType = text.xcconfig; name = "Pods-SwifterUI.debug.xcconfig"; path = "Pods/Target Support Files/Pods-SwifterUI/Pods-SwifterUI.debug.xcconfig"; sourceTree = "<group>"; };
		3B0230C9F419D0411D02E8AB /* Pods_SwifterUI.framework */ = {isa = PBXFileReference; explicitFileType = wrapper.framework; includeInIndex = 0; path = Pods_SwifterUI.framework; sourceTree = BUILT_PRODUCTS_DIR; };
		42087C2221427E3100F71CA9 /* SFChatBarButton.swift */ = {isa = PBXFileReference; lastKnownFileType = sourcecode.swift; path = SFChatBarButton.swift; sourceTree = "<group>"; };
		42087C262142B21900F71CA9 /* SFSignViewTextField.swift */ = {isa = PBXFileReference; lastKnownFileType = sourcecode.swift; path = SFSignViewTextField.swift; sourceTree = "<group>"; };
		42087C282142B77B00F71CA9 /* SFPopView.swift */ = {isa = PBXFileReference; lastKnownFileType = sourcecode.swift; path = SFPopView.swift; sourceTree = "<group>"; };
		42087C2A2142BA9200F71CA9 /* SFPopViewController.swift */ = {isa = PBXFileReference; lastKnownFileType = sourcecode.swift; path = SFPopViewController.swift; sourceTree = "<group>"; };
		420AFCE42080189400D9D778 /* SFTextScrollSection.swift */ = {isa = PBXFileReference; lastKnownFileType = sourcecode.swift; path = SFTextScrollSection.swift; sourceTree = "<group>"; };
		420AFCE6208026CC00D9D778 /* SFStackView.swift */ = {isa = PBXFileReference; lastKnownFileType = sourcecode.swift; path = SFStackView.swift; sourceTree = "<group>"; };
		420F5490212E307B00890F07 /* SFDataManager.swift */ = {isa = PBXFileReference; lastKnownFileType = sourcecode.swift; path = SFDataManager.swift; sourceTree = "<group>"; };
		4211D872209C9D9F00C89FAC /* SFPageSectionsViewController.swift */ = {isa = PBXFileReference; lastKnownFileType = sourcecode.swift; path = SFPageSectionsViewController.swift; sourceTree = "<group>"; };
		4211D87A209CD92C00C89FAC /* SFPageBar.swift */ = {isa = PBXFileReference; lastKnownFileType = sourcecode.swift; path = SFPageBar.swift; sourceTree = "<group>"; };
		4211D87C209CD96200C89FAC /* SFPageView.swift */ = {isa = PBXFileReference; lastKnownFileType = sourcecode.swift; path = SFPageView.swift; sourceTree = "<group>"; };
		4223C5161FE7A0C300A2E2F2 /* ConstraintRelation.swift */ = {isa = PBXFileReference; lastKnownFileType = sourcecode.swift; path = ConstraintRelation.swift; sourceTree = "<group>"; };
		42289AE1203481A30095FF5C /* String.swift */ = {isa = PBXFileReference; lastKnownFileType = sourcecode.swift; path = String.swift; sourceTree = "<group>"; };
		42289AE3203481C70095FF5C /* UITableView.swift */ = {isa = PBXFileReference; lastKnownFileType = sourcecode.swift; path = UITableView.swift; sourceTree = "<group>"; };
		422E626F217F7E2900264EE1 /* es */ = {isa = PBXFileReference; lastKnownFileType = text.plist.strings; name = es; path = es.lproj/LaunchScreen.strings; sourceTree = "<group>"; };
		422FC79E2145498B0023F362 /* SFSingleChat.swift */ = {isa = PBXFileReference; lastKnownFileType = sourcecode.swift; path = SFSingleChat.swift; sourceTree = "<group>"; };
		4230E8E7204CBF79003E5BCC /* SFTableViewHeaderFooterView.swift */ = {isa = PBXFileReference; lastKnownFileType = sourcecode.swift; path = SFTableViewHeaderFooterView.swift; sourceTree = "<group>"; };
		4230E8E9204CC1DA003E5BCC /* SFNotificationIndicator.swift */ = {isa = PBXFileReference; lastKnownFileType = sourcecode.swift; path = SFNotificationIndicator.swift; sourceTree = "<group>"; };
		4230E8EB204CC42C003E5BCC /* SFBubbleView.swift */ = {isa = PBXFileReference; lastKnownFileType = sourcecode.swift; path = SFBubbleView.swift; sourceTree = "<group>"; };
		423AABEC1FE7548E009D6C39 /* SwifterUI.app */ = {isa = PBXFileReference; explicitFileType = wrapper.application; includeInIndex = 0; path = SwifterUI.app; sourceTree = BUILT_PRODUCTS_DIR; };
		423AABEF1FE7548F009D6C39 /* AppDelegate.swift */ = {isa = PBXFileReference; lastKnownFileType = sourcecode.swift; path = AppDelegate.swift; sourceTree = "<group>"; };
		423AABF11FE7548F009D6C39 /* ViewController.swift */ = {isa = PBXFileReference; lastKnownFileType = sourcecode.swift; path = ViewController.swift; sourceTree = "<group>"; };
		423AABF61FE7548F009D6C39 /* Assets.xcassets */ = {isa = PBXFileReference; lastKnownFileType = folder.assetcatalog; path = Assets.xcassets; sourceTree = "<group>"; };
		423AABF91FE7548F009D6C39 /* Base */ = {isa = PBXFileReference; lastKnownFileType = file.storyboard; name = Base; path = Base.lproj/LaunchScreen.storyboard; sourceTree = "<group>"; };
		423AABFB1FE7548F009D6C39 /* Info.plist */ = {isa = PBXFileReference; lastKnownFileType = text.plist.xml; path = Info.plist; sourceTree = "<group>"; };
		423AAC001FE7548F009D6C39 /* SwifterUITests.xctest */ = {isa = PBXFileReference; explicitFileType = wrapper.cfbundle; includeInIndex = 0; path = SwifterUITests.xctest; sourceTree = BUILT_PRODUCTS_DIR; };
		423AAC041FE7548F009D6C39 /* SwifterUITests.swift */ = {isa = PBXFileReference; lastKnownFileType = sourcecode.swift; path = SwifterUITests.swift; sourceTree = "<group>"; };
		423AAC061FE7548F009D6C39 /* Info.plist */ = {isa = PBXFileReference; lastKnownFileType = text.plist.xml; path = Info.plist; sourceTree = "<group>"; };
		423AAC0B1FE7548F009D6C39 /* SwifterUIUITests.xctest */ = {isa = PBXFileReference; explicitFileType = wrapper.cfbundle; includeInIndex = 0; path = SwifterUIUITests.xctest; sourceTree = BUILT_PRODUCTS_DIR; };
		423AAC0F1FE7548F009D6C39 /* SwifterUIUITests.swift */ = {isa = PBXFileReference; lastKnownFileType = sourcecode.swift; path = SwifterUIUITests.swift; sourceTree = "<group>"; };
		423AAC111FE7548F009D6C39 /* Info.plist */ = {isa = PBXFileReference; lastKnownFileType = text.plist.xml; path = Info.plist; sourceTree = "<group>"; };
		423AAC1F1FE76727009D6C39 /* UIViewLayout.swift */ = {isa = PBXFileReference; lastKnownFileType = sourcecode.swift; path = UIViewLayout.swift; sourceTree = "<group>"; };
		423AAC231FE76763009D6C39 /* ConstraintEdge.swift */ = {isa = PBXFileReference; lastKnownFileType = sourcecode.swift; path = ConstraintEdge.swift; sourceTree = "<group>"; };
		423AAC251FE7678C009D6C39 /* ConstraintAxis.swift */ = {isa = PBXFileReference; lastKnownFileType = sourcecode.swift; path = ConstraintAxis.swift; sourceTree = "<group>"; };
		423AAC271FE76B57009D6C39 /* SFDimension.swift */ = {isa = PBXFileReference; lastKnownFileType = sourcecode.swift; path = SFDimension.swift; sourceTree = "<group>"; };
		423AAC291FE770D5009D6C39 /* Constraint.swift */ = {isa = PBXFileReference; lastKnownFileType = sourcecode.swift; path = Constraint.swift; sourceTree = "<group>"; };
		423AAC2B1FE770E6009D6C39 /* Constraints.swift */ = {isa = PBXFileReference; lastKnownFileType = sourcecode.swift; path = Constraints.swift; sourceTree = "<group>"; };
		424426CA208CC71F00AAFCCC /* SFAssets.swift */ = {isa = PBXFileReference; fileEncoding = 4; lastKnownFileType = sourcecode.swift; path = SFAssets.swift; sourceTree = "<group>"; };
		4244674E202A9FE900F59892 /* SFTableView.swift */ = {isa = PBXFileReference; lastKnownFileType = sourcecode.swift; path = SFTableView.swift; sourceTree = "<group>"; };
		42446772202AC27F00F59892 /* UIView.swift */ = {isa = PBXFileReference; lastKnownFileType = sourcecode.swift; path = UIView.swift; sourceTree = "<group>"; };
		42446774202AC2BB00F59892 /* SFTextField.swift */ = {isa = PBXFileReference; lastKnownFileType = sourcecode.swift; path = SFTextField.swift; sourceTree = "<group>"; };
		42446776202AC57700F59892 /* SFTextView.swift */ = {isa = PBXFileReference; lastKnownFileType = sourcecode.swift; path = SFTextView.swift; sourceTree = "<group>"; };
		42446778202AC83000F59892 /* SFButton.swift */ = {isa = PBXFileReference; lastKnownFileType = sourcecode.swift; path = SFButton.swift; sourceTree = "<group>"; };
		424BE0BA1FF45AD7005DE2AD /* UIFont.swift */ = {isa = PBXFileReference; fileEncoding = 4; lastKnownFileType = sourcecode.swift; path = UIFont.swift; sourceTree = "<group>"; };
		424BE0BE1FF45B17005DE2AD /* UIColor.swift */ = {isa = PBXFileReference; fileEncoding = 4; lastKnownFileType = sourcecode.swift; path = UIColor.swift; sourceTree = "<group>"; };
		424BE0C01FF45B2D005DE2AD /* Date.swift */ = {isa = PBXFileReference; fileEncoding = 4; lastKnownFileType = sourcecode.swift; path = Date.swift; sourceTree = "<group>"; };
		424BE0C51FF45C20005DE2AD /* SFPopPresentation.swift */ = {isa = PBXFileReference; lastKnownFileType = sourcecode.swift; path = SFPopPresentation.swift; sourceTree = "<group>"; };
		424D5A682045ECF000C029E1 /* SFProfileImageView.swift */ = {isa = PBXFileReference; fileEncoding = 4; lastKnownFileType = sourcecode.swift; path = SFProfileImageView.swift; sourceTree = "<group>"; };
		424E2C74202378EA00F9A4E2 /* UITextView.swift */ = {isa = PBXFileReference; lastKnownFileType = sourcecode.swift; path = UITextView.swift; sourceTree = "<group>"; };
		4253D3C1203CDEE500507F88 /* SFTabBarController.swift */ = {isa = PBXFileReference; lastKnownFileType = sourcecode.swift; path = SFTabBarController.swift; sourceTree = "<group>"; };
		425AFDAB20300C580049B68B /* SFCollectionView.swift */ = {isa = PBXFileReference; lastKnownFileType = sourcecode.swift; path = SFCollectionView.swift; sourceTree = "<group>"; };
		425AFDAD20300C700049B68B /* SFCollectionViewCell.swift */ = {isa = PBXFileReference; lastKnownFileType = sourcecode.swift; path = SFCollectionViewCell.swift; sourceTree = "<group>"; };
		426A7C8D21747A0D0047A125 /* SFChatNavigationView.swift */ = {isa = PBXFileReference; lastKnownFileType = sourcecode.swift; path = SFChatNavigationView.swift; sourceTree = "<group>"; };
		426FA08420AB8FE800809280 /* SFPDFViewController.swift */ = {isa = PBXFileReference; lastKnownFileType = sourcecode.swift; path = SFPDFViewController.swift; sourceTree = "<group>"; };
		42710AC82135A66600413898 /* SFUser.swift */ = {isa = PBXFileReference; lastKnownFileType = sourcecode.swift; path = SFUser.swift; sourceTree = "<group>"; };
		42710ACC2135AF7200413898 /* SFChat.swift */ = {isa = PBXFileReference; lastKnownFileType = sourcecode.swift; path = SFChat.swift; sourceTree = "<group>"; };
		42710ACE2135F16100413898 /* SFContactsViewController.swift */ = {isa = PBXFileReference; lastKnownFileType = sourcecode.swift; path = SFContactsViewController.swift; sourceTree = "<group>"; };
		42710AD42136ED0200413898 /* SFConversationView.swift */ = {isa = PBXFileReference; lastKnownFileType = sourcecode.swift; path = SFConversationView.swift; sourceTree = "<group>"; };
		42795F63202FB55300C3767F /* SFSlideBar.swift */ = {isa = PBXFileReference; lastKnownFileType = sourcecode.swift; path = SFSlideBar.swift; sourceTree = "<group>"; };
		42834C0B20465964009CFE22 /* SFButtonSection.swift */ = {isa = PBXFileReference; lastKnownFileType = sourcecode.swift; path = SFButtonSection.swift; sourceTree = "<group>"; };
		42838205206DA49000039F66 /* SFImageZoomViewController.swift */ = {isa = PBXFileReference; lastKnownFileType = sourcecode.swift; path = SFImageZoomViewController.swift; sourceTree = "<group>"; };
		42838207206DA4D200039F66 /* SFImageZoomView.swift */ = {isa = PBXFileReference; lastKnownFileType = sourcecode.swift; path = SFImageZoomView.swift; sourceTree = "<group>"; };
		4286042B20A0D27C00D785FC /* SFCollectionManager.swift */ = {isa = PBXFileReference; lastKnownFileType = sourcecode.swift; path = SFCollectionManager.swift; sourceTree = "<group>"; };
		42933BF32097D2AB00ED7175 /* SFTableManager.swift */ = {isa = PBXFileReference; lastKnownFileType = sourcecode.swift; path = SFTableManager.swift; sourceTree = "<group>"; };
		4299FB26211CC47900E9F233 /* SFLayoutView.swift */ = {isa = PBXFileReference; lastKnownFileType = sourcecode.swift; path = SFLayoutView.swift; sourceTree = "<group>"; };
		4299FB28211E1C1100E9F233 /* SFFluidButton.swift */ = {isa = PBXFileReference; lastKnownFileType = sourcecode.swift; path = SFFluidButton.swift; sourceTree = "<group>"; };
		42A307A1212A28C60040D0F1 /* CGPoint.swift */ = {isa = PBXFileReference; lastKnownFileType = sourcecode.swift; path = CGPoint.swift; sourceTree = "<group>"; };
		42A307A3212A28DE0040D0F1 /* UISpringTimingParameters.swift */ = {isa = PBXFileReference; lastKnownFileType = sourcecode.swift; path = UISpringTimingParameters.swift; sourceTree = "<group>"; };
		42A42EA81FF1A95F002FE4A7 /* SFColorStyleProtocol.swift */ = {isa = PBXFileReference; fileEncoding = 4; lastKnownFileType = sourcecode.swift; path = SFColorStyleProtocol.swift; sourceTree = "<group>"; };
		42A42EAA1FF1A9AB002FE4A7 /* SFColorStyle.swift */ = {isa = PBXFileReference; fileEncoding = 4; lastKnownFileType = sourcecode.swift; path = SFColorStyle.swift; sourceTree = "<group>"; };
		42A42EAC1FF1AB98002FE4A7 /* SFColors.swift */ = {isa = PBXFileReference; fileEncoding = 4; lastKnownFileType = sourcecode.swift; path = SFColors.swift; sourceTree = "<group>"; };
		42A42EAE1FF1AC2A002FE4A7 /* SFControllerColorStyle.swift */ = {isa = PBXFileReference; fileEncoding = 4; lastKnownFileType = sourcecode.swift; path = SFControllerColorStyle.swift; sourceTree = "<group>"; };
		42A42EB01FF1AC36002FE4A7 /* SFViewColorStyle.swift */ = {isa = PBXFileReference; fileEncoding = 4; lastKnownFileType = sourcecode.swift; path = SFViewColorStyle.swift; sourceTree = "<group>"; };
		42A42EB21FF1AD8C002FE4A7 /* SFViewController.swift */ = {isa = PBXFileReference; lastKnownFileType = sourcecode.swift; path = SFViewController.swift; sourceTree = "<group>"; };
		42A42EB41FF1B295002FE4A7 /* SFView.swift */ = {isa = PBXFileReference; lastKnownFileType = sourcecode.swift; path = SFView.swift; sourceTree = "<group>"; };
		42A42EB91FF1BA36002FE4A7 /* SFGradient.swift */ = {isa = PBXFileReference; fileEncoding = 4; lastKnownFileType = sourcecode.swift; path = SFGradient.swift; sourceTree = "<group>"; };
		42A42EBB1FF1BA39002FE4A7 /* SFGradientDirection.swift */ = {isa = PBXFileReference; fileEncoding = 4; lastKnownFileType = sourcecode.swift; path = SFGradientDirection.swift; sourceTree = "<group>"; };
		42A42EBE1FF1BC81002FE4A7 /* SFGradientReady.swift */ = {isa = PBXFileReference; lastKnownFileType = sourcecode.swift; path = SFGradientReady.swift; sourceTree = "<group>"; };
		42A42EC21FF1C13E002FE4A7 /* SFVideoView.swift */ = {isa = PBXFileReference; lastKnownFileType = sourcecode.swift; path = SFVideoView.swift; sourceTree = "<group>"; };
		42A67AC520411B3B00F2FF3E /* UIWindow.swift */ = {isa = PBXFileReference; lastKnownFileType = sourcecode.swift; path = UIWindow.swift; sourceTree = "<group>"; };
		42A8CA6620608CB7004250A1 /* SFCollectionViewHeader.swift */ = {isa = PBXFileReference; lastKnownFileType = sourcecode.swift; path = SFCollectionViewHeader.swift; sourceTree = "<group>"; };
		42ABC4B2212A0B1E001B4B37 /* UIViewPropertyAnimator.swift */ = {isa = PBXFileReference; lastKnownFileType = sourcecode.swift; path = UIViewPropertyAnimator.swift; sourceTree = "<group>"; };
		42AE237D20BD05EA00314B92 /* SFAnimationController.swift */ = {isa = PBXFileReference; lastKnownFileType = sourcecode.swift; path = SFAnimationController.swift; sourceTree = "<group>"; };
		42AE237F20BD05FD00314B92 /* SFFadeAnimationController.swift */ = {isa = PBXFileReference; lastKnownFileType = sourcecode.swift; path = SFFadeAnimationController.swift; sourceTree = "<group>"; };
		42B253E21FEA04E90002C297 /* DispatchQueue.swift */ = {isa = PBXFileReference; lastKnownFileType = sourcecode.swift; path = DispatchQueue.swift; sourceTree = "<group>"; };
		42B253E41FEA0E700002C297 /* ConstraintType.swift */ = {isa = PBXFileReference; lastKnownFileType = sourcecode.swift; path = ConstraintType.swift; sourceTree = "<group>"; };
		42B61B782138467E007CDE77 /* SFConversationsTableViewController.swift */ = {isa = PBXFileReference; lastKnownFileType = sourcecode.swift; path = SFConversationsTableViewController.swift; sourceTree = "<group>"; };
		42B61B7A213846FD007CDE77 /* SFTableViewConversationCell.swift */ = {isa = PBXFileReference; lastKnownFileType = sourcecode.swift; path = SFTableViewConversationCell.swift; sourceTree = "<group>"; };
		42B7B27C203A611E004B5C6E /* SFScrollView.swift */ = {isa = PBXFileReference; lastKnownFileType = sourcecode.swift; path = SFScrollView.swift; sourceTree = "<group>"; };
		42BFCFC320537CA700111E17 /* Array.swift */ = {isa = PBXFileReference; lastKnownFileType = sourcecode.swift; path = Array.swift; sourceTree = "<group>"; };
		42C15E3420BB97AF0099B5AD /* SwifterUI.podspec */ = {isa = PBXFileReference; fileEncoding = 4; lastKnownFileType = text; path = SwifterUI.podspec; sourceTree = "<group>"; };
		42C2E17C20422DCA00087B3C /* UIViewController.swift */ = {isa = PBXFileReference; lastKnownFileType = sourcecode.swift; path = UIViewController.swift; sourceTree = "<group>"; };
		42C6724F205CD7C400DA4BCB /* SFPickerView.swift */ = {isa = PBXFileReference; lastKnownFileType = sourcecode.swift; path = SFPickerView.swift; sourceTree = "<group>"; };
		42C67251205CD7DE00DA4BCB /* SFDatePicker.swift */ = {isa = PBXFileReference; lastKnownFileType = sourcecode.swift; path = SFDatePicker.swift; sourceTree = "<group>"; };
		42C701B02016834E00EBFBE2 /* SFSlideViewController.swift */ = {isa = PBXFileReference; lastKnownFileType = sourcecode.swift; path = SFSlideViewController.swift; sourceTree = "<group>"; };
		42C701B32016839500EBFBE2 /* SFPresentationManager.swift */ = {isa = PBXFileReference; lastKnownFileType = sourcecode.swift; path = SFPresentationManager.swift; sourceTree = "<group>"; };
		42CB6AFB203602870080EFB8 /* SFMessage.swift */ = {isa = PBXFileReference; lastKnownFileType = sourcecode.swift; path = SFMessage.swift; sourceTree = "<group>"; };
		42CDA9BC20361BDE0046791D /* SFChatBar.swift */ = {isa = PBXFileReference; lastKnownFileType = sourcecode.swift; path = SFChatBar.swift; sourceTree = "<group>"; };
		42D13475208D436600EFB118 /* SFSignViewController.swift */ = {isa = PBXFileReference; lastKnownFileType = sourcecode.swift; path = SFSignViewController.swift; sourceTree = "<group>"; };
		42D13477208D5F3000EFB118 /* SFSignUpView.swift */ = {isa = PBXFileReference; lastKnownFileType = sourcecode.swift; path = SFSignUpView.swift; sourceTree = "<group>"; };
		42D13479208D5F4300EFB118 /* SFSignInView.swift */ = {isa = PBXFileReference; lastKnownFileType = sourcecode.swift; path = SFSignInView.swift; sourceTree = "<group>"; };
		42D1347B208D5F5500EFB118 /* SFSignView.swift */ = {isa = PBXFileReference; lastKnownFileType = sourcecode.swift; path = SFSignView.swift; sourceTree = "<group>"; };
		42D34C64202F5F84002B6FA6 /* SFLabel.swift */ = {isa = PBXFileReference; lastKnownFileType = sourcecode.swift; path = SFLabel.swift; sourceTree = "<group>"; };
		42D34C6C202F6ECE002B6FA6 /* SFSection.swift */ = {isa = PBXFileReference; lastKnownFileType = sourcecode.swift; path = SFSection.swift; sourceTree = "<group>"; };
		42D34C72202FABB3002B6FA6 /* SFNavigationController.swift */ = {isa = PBXFileReference; lastKnownFileType = sourcecode.swift; path = SFNavigationController.swift; sourceTree = "<group>"; };
		42D34C74202FAF10002B6FA6 /* SFSlideView.swift */ = {isa = PBXFileReference; lastKnownFileType = sourcecode.swift; path = SFSlideView.swift; sourceTree = "<group>"; };
		42D71B0820D0FF380079EFCE /* SFPageViewController.swift */ = {isa = PBXFileReference; lastKnownFileType = sourcecode.swift; path = SFPageViewController.swift; sourceTree = "<group>"; };
		42DBF1A3203754E900F4BB6F /* SFBulletinView.swift */ = {isa = PBXFileReference; lastKnownFileType = sourcecode.swift; path = SFBulletinView.swift; sourceTree = "<group>"; };
		42DBF1A52037556F00F4BB6F /* SFBulletinController.swift */ = {isa = PBXFileReference; lastKnownFileType = sourcecode.swift; path = SFBulletinController.swift; sourceTree = "<group>"; };
		42E83BBC202B98F800A341C5 /* SFTableViewCell.swift */ = {isa = PBXFileReference; lastKnownFileType = sourcecode.swift; path = SFTableViewCell.swift; sourceTree = "<group>"; };
		42EB9AA721450F8A009353C4 /* Podfile */ = {isa = PBXFileReference; fileEncoding = 4; lastKnownFileType = text; path = Podfile; sourceTree = "<group>"; xcLanguageSpecificationIdentifier = xcode.lang.ruby; };
		42F12D02215591C3000B2F51 /* SFChatViewController.swift */ = {isa = PBXFileReference; fileEncoding = 4; lastKnownFileType = sourcecode.swift; path = SFChatViewController.swift; sourceTree = "<group>"; };
		42F12D04215591D6000B2F51 /* SFTableViewChatCell.swift */ = {isa = PBXFileReference; fileEncoding = 4; lastKnownFileType = sourcecode.swift; path = SFTableViewChatCell.swift; sourceTree = "<group>"; };
		42FAD75820B7376C00E5AE19 /* SFDataSection.swift */ = {isa = PBXFileReference; lastKnownFileType = sourcecode.swift; path = SFDataSection.swift; sourceTree = "<group>"; };
		42FB9F9B202FC8AB006895F4 /* SFTableViewProfileCell.swift */ = {isa = PBXFileReference; lastKnownFileType = sourcecode.swift; path = SFTableViewProfileCell.swift; sourceTree = "<group>"; };
		5EAB32061D4D2297A66CEEB7 /* Pods-SwifterUI.release.xcconfig */ = {isa = PBXFileReference; includeInIndex = 1; lastKnownFileType = text.xcconfig; name = "Pods-SwifterUI.release.xcconfig"; path = "Pods/Target Support Files/Pods-SwifterUI/Pods-SwifterUI.release.xcconfig"; sourceTree = "<group>"; };
		8114B41A59324EABB723590E /* Pods-SwifterUITests.debug.xcconfig */ = {isa = PBXFileReference; includeInIndex = 1; lastKnownFileType = text.xcconfig; name = "Pods-SwifterUITests.debug.xcconfig"; path = "Pods/Target Support Files/Pods-SwifterUITests/Pods-SwifterUITests.debug.xcconfig"; sourceTree = "<group>"; };
		88DF071D2D0B06A0A779E378 /* Pods-SwifterUITests.release.xcconfig */ = {isa = PBXFileReference; includeInIndex = 1; lastKnownFileType = text.xcconfig; name = "Pods-SwifterUITests.release.xcconfig"; path = "Pods/Target Support Files/Pods-SwifterUITests/Pods-SwifterUITests.release.xcconfig"; sourceTree = "<group>"; };
		C79BEACC89055D0892977B0E /* Pods_SwifterUIUITests.framework */ = {isa = PBXFileReference; explicitFileType = wrapper.framework; includeInIndex = 0; path = Pods_SwifterUIUITests.framework; sourceTree = BUILT_PRODUCTS_DIR; };
		D5C72905FB2DE9EB9D857BED /* Pods-SwifterUIUITests.debug.xcconfig */ = {isa = PBXFileReference; includeInIndex = 1; lastKnownFileType = text.xcconfig; name = "Pods-SwifterUIUITests.debug.xcconfig"; path = "Pods/Target Support Files/Pods-SwifterUIUITests/Pods-SwifterUIUITests.debug.xcconfig"; sourceTree = "<group>"; };
/* End PBXFileReference section */

/* Begin PBXFrameworksBuildPhase section */
		423AABE91FE7548E009D6C39 /* Frameworks */ = {
			isa = PBXFrameworksBuildPhase;
			buildActionMask = 2147483647;
			files = (
				16208BB3E59F12DA0F39EDC2 /* Pods_SwifterUI.framework in Frameworks */,
			);
			runOnlyForDeploymentPostprocessing = 0;
		};
		423AABFD1FE7548F009D6C39 /* Frameworks */ = {
			isa = PBXFrameworksBuildPhase;
			buildActionMask = 2147483647;
			files = (
				49E574EE4AA5A1722212F0FA /* Pods_SwifterUITests.framework in Frameworks */,
			);
			runOnlyForDeploymentPostprocessing = 0;
		};
		423AAC081FE7548F009D6C39 /* Frameworks */ = {
			isa = PBXFrameworksBuildPhase;
			buildActionMask = 2147483647;
			files = (
				1FAA548F9B3DB61CF5B675FE /* Pods_SwifterUIUITests.framework in Frameworks */,
			);
			runOnlyForDeploymentPostprocessing = 0;
		};
/* End PBXFrameworksBuildPhase section */

/* Begin PBXGroup section */
		057EE648A8E8C72DEF81F437 /* Pods */ = {
			isa = PBXGroup;
			children = (
				1A9CD7FA1F40C94061326184 /* Pods-SwifterUI.debug.xcconfig */,
				5EAB32061D4D2297A66CEEB7 /* Pods-SwifterUI.release.xcconfig */,
				8114B41A59324EABB723590E /* Pods-SwifterUITests.debug.xcconfig */,
				88DF071D2D0B06A0A779E378 /* Pods-SwifterUITests.release.xcconfig */,
				D5C72905FB2DE9EB9D857BED /* Pods-SwifterUIUITests.debug.xcconfig */,
				170AABA9ED1D1AF4C192523D /* Pods-SwifterUIUITests.release.xcconfig */,
			);
			name = Pods;
			sourceTree = "<group>";
		};
		423AABE31FE7548E009D6C39 = {
			isa = PBXGroup;
			children = (
				42EB9AA721450F8A009353C4 /* Podfile */,
				42C15E3420BB97AF0099B5AD /* SwifterUI.podspec */,
				423AABEE1FE7548F009D6C39 /* SwifterUI */,
				423AAC031FE7548F009D6C39 /* SwifterUITests */,
				423AAC0E1FE7548F009D6C39 /* SwifterUIUITests */,
				423AABED1FE7548E009D6C39 /* Products */,
				057EE648A8E8C72DEF81F437 /* Pods */,
				B448E1DF1B7B136145C67B66 /* Frameworks */,
			);
			sourceTree = "<group>";
		};
		423AABED1FE7548E009D6C39 /* Products */ = {
			isa = PBXGroup;
			children = (
				423AABEC1FE7548E009D6C39 /* SwifterUI.app */,
				423AAC001FE7548F009D6C39 /* SwifterUITests.xctest */,
				423AAC0B1FE7548F009D6C39 /* SwifterUIUITests.xctest */,
			);
			name = Products;
			sourceTree = "<group>";
		};
		423AABEE1FE7548F009D6C39 /* SwifterUI */ = {
			isa = PBXGroup;
			children = (
				423AABEF1FE7548F009D6C39 /* AppDelegate.swift */,
				423AABF11FE7548F009D6C39 /* ViewController.swift */,
				423AAC1E1FE76718009D6C39 /* SwifterUI */,
				423AABF81FE7548F009D6C39 /* LaunchScreen.storyboard */,
				423AABF61FE7548F009D6C39 /* Assets.xcassets */,
				423AABFB1FE7548F009D6C39 /* Info.plist */,
			);
			path = SwifterUI;
			sourceTree = "<group>";
		};
		423AAC031FE7548F009D6C39 /* SwifterUITests */ = {
			isa = PBXGroup;
			children = (
				423AAC041FE7548F009D6C39 /* SwifterUITests.swift */,
				423AAC061FE7548F009D6C39 /* Info.plist */,
			);
			path = SwifterUITests;
			sourceTree = "<group>";
		};
		423AAC0E1FE7548F009D6C39 /* SwifterUIUITests */ = {
			isa = PBXGroup;
			children = (
				423AAC0F1FE7548F009D6C39 /* SwifterUIUITests.swift */,
				423AAC111FE7548F009D6C39 /* Info.plist */,
			);
			path = SwifterUIUITests;
			sourceTree = "<group>";
		};
		423AAC1E1FE76718009D6C39 /* SwifterUI */ = {
			isa = PBXGroup;
			children = (
				42A42EB61FF1B578002FE4A7 /* UILibrary */,
				42CB6AFA2036027C0080EFB8 /* ChatKit */,
				42B8DEF620409F1500B5770A /* LoginKit */,
			);
			path = SwifterUI;
			sourceTree = "<group>";
		};
		424BE0C41FF45B9C005DE2AD /* Extensions */ = {
			isa = PBXGroup;
			children = (
				424BE0C01FF45B2D005DE2AD /* Date.swift */,
				42A67AC520411B3B00F2FF3E /* UIWindow.swift */,
				42446772202AC27F00F59892 /* UIView.swift */,
				424BE0BE1FF45B17005DE2AD /* UIColor.swift */,
				424BE0BA1FF45AD7005DE2AD /* UIFont.swift */,
				42B253E21FEA04E90002C297 /* DispatchQueue.swift */,
				424E2C74202378EA00F9A4E2 /* UITextView.swift */,
				42289AE1203481A30095FF5C /* String.swift */,
				42289AE3203481C70095FF5C /* UITableView.swift */,
				42C2E17C20422DCA00087B3C /* UIViewController.swift */,
				42BFCFC320537CA700111E17 /* Array.swift */,
				42ABC4B2212A0B1E001B4B37 /* UIViewPropertyAnimator.swift */,
				42A307A3212A28DE0040D0F1 /* UISpringTimingParameters.swift */,
				42A307A1212A28C60040D0F1 /* CGPoint.swift */,
			);
			path = Extensions;
			sourceTree = "<group>";
		};
		42710AD02136ECB500413898 /* Model */ = {
			isa = PBXGroup;
			children = (
				42710AC82135A66600413898 /* SFUser.swift */,
				42710ACC2135AF7200413898 /* SFChat.swift */,
				422FC79E2145498B0023F362 /* SFSingleChat.swift */,
				42CB6AFB203602870080EFB8 /* SFMessage.swift */,
			);
			path = Model;
			sourceTree = "<group>";
		};
		42710AD12136ECC700413898 /* Table View */ = {
			isa = PBXGroup;
			children = (
				42B61B7A213846FD007CDE77 /* SFTableViewConversationCell.swift */,
				42B61B782138467E007CDE77 /* SFConversationsTableViewController.swift */,
				42FB9F9B202FC8AB006895F4 /* SFTableViewProfileCell.swift */,
				42710ACE2135F16100413898 /* SFContactsViewController.swift */,
				42F12D04215591D6000B2F51 /* SFTableViewChatCell.swift */,
				42F12D02215591C3000B2F51 /* SFChatViewController.swift */,
			);
			path = "Table View";
			sourceTree = "<group>";
		};
		42710AD22136ECCF00413898 /* Collection View */ = {
			isa = PBXGroup;
			children = (
			);
			path = "Collection View";
			sourceTree = "<group>";
		};
		42710AD32136ECF500413898 /* View */ = {
			isa = PBXGroup;
			children = (
				4230E8E9204CC1DA003E5BCC /* SFNotificationIndicator.swift */,
				42710AD42136ED0200413898 /* SFConversationView.swift */,
				4230E8EB204CC42C003E5BCC /* SFBubbleView.swift */,
				42087C2221427E3100F71CA9 /* SFChatBarButton.swift */,
				42CDA9BC20361BDE0046791D /* SFChatBar.swift */,
				426A7C8D21747A0D0047A125 /* SFChatNavigationView.swift */,
			);
			path = View;
			sourceTree = "<group>";
		};
		42950D87212E3A4D001B4BE8 /* Assets */ = {
			isa = PBXGroup;
			children = (
				42A42EAC1FF1AB98002FE4A7 /* SFColors.swift */,
				424426CA208CC71F00AAFCCC /* SFAssets.swift */,
			);
			path = Assets;
			sourceTree = "<group>";
		};
		42950D88212E3A76001B4BE8 /* DataManagers */ = {
			isa = PBXGroup;
			children = (
				42FAD75820B7376C00E5AE19 /* SFDataSection.swift */,
				420F5490212E307B00890F07 /* SFDataManager.swift */,
				42933BF32097D2AB00ED7175 /* SFTableManager.swift */,
				4286042B20A0D27C00D785FC /* SFCollectionManager.swift */,
			);
			path = DataManagers;
			sourceTree = "<group>";
		};
		42A42EB61FF1B578002FE4A7 /* UILibrary */ = {
			isa = PBXGroup;
			children = (
				42A42EAA1FF1A9AB002FE4A7 /* SFColorStyle.swift */,
				42A42EA81FF1A95F002FE4A7 /* SFColorStyleProtocol.swift */,
				42950D87212E3A4D001B4BE8 /* Assets */,
				42B253E61FEA0E820002C297 /* Layout */,
				42950D88212E3A76001B4BE8 /* DataManagers */,
				424BE0C41FF45B9C005DE2AD /* Extensions */,
				42A42EBD1FF1BA3F002FE4A7 /* SFGradient */,
				42AE237C20BD05D400314B92 /* AnimationControllers */,
				42C701B22016838700EBFBE2 /* Presentation */,
				42A42EB71FF1B6BD002FE4A7 /* Controllers */,
				42A42EB81FF1B6C3002FE4A7 /* Views */,
			);
			path = UILibrary;
			sourceTree = "<group>";
		};
		42A42EB71FF1B6BD002FE4A7 /* Controllers */ = {
			isa = PBXGroup;
			children = (
				42A42EAE1FF1AC2A002FE4A7 /* SFControllerColorStyle.swift */,
				42D34C72202FABB3002B6FA6 /* SFNavigationController.swift */,
				4253D3C1203CDEE500507F88 /* SFTabBarController.swift */,
				42A42EB21FF1AD8C002FE4A7 /* SFViewController.swift */,
				42C701B02016834E00EBFBE2 /* SFSlideViewController.swift */,
				42087C2A2142BA9200F71CA9 /* SFPopViewController.swift */,
				42DBF1A52037556F00F4BB6F /* SFBulletinController.swift */,
				42838205206DA49000039F66 /* SFImageZoomViewController.swift */,
				42D71B0820D0FF380079EFCE /* SFPageViewController.swift */,
				4211D872209C9D9F00C89FAC /* SFPageSectionsViewController.swift */,
				426FA08420AB8FE800809280 /* SFPDFViewController.swift */,
			);
			path = Controllers;
			sourceTree = "<group>";
		};
		42A42EB81FF1B6C3002FE4A7 /* Views */ = {
			isa = PBXGroup;
			children = (
				42A42EB01FF1AC36002FE4A7 /* SFViewColorStyle.swift */,
				42A42EB41FF1B295002FE4A7 /* SFView.swift */,
				42087C282142B77B00F71CA9 /* SFPopView.swift */,
				420AFCE6208026CC00D9D778 /* SFStackView.swift */,
				42B7B27C203A611E004B5C6E /* SFScrollView.swift */,
				42D34C74202FAF10002B6FA6 /* SFSlideView.swift */,
				42795F63202FB55300C3767F /* SFSlideBar.swift */,
				4244674E202A9FE900F59892 /* SFTableView.swift */,
				42E83BBC202B98F800A341C5 /* SFTableViewCell.swift */,
				4230E8E7204CBF79003E5BCC /* SFTableViewHeaderFooterView.swift */,
				425AFDAB20300C580049B68B /* SFCollectionView.swift */,
				425AFDAD20300C700049B68B /* SFCollectionViewCell.swift */,
				42A8CA6620608CB7004250A1 /* SFCollectionViewHeader.swift */,
				42446774202AC2BB00F59892 /* SFTextField.swift */,
				42446776202AC57700F59892 /* SFTextView.swift */,
				42446778202AC83000F59892 /* SFButton.swift */,
				42D34C64202F5F84002B6FA6 /* SFLabel.swift */,
				42D34C6C202F6ECE002B6FA6 /* SFSection.swift */,
				420AFCE42080189400D9D778 /* SFTextScrollSection.swift */,
				42834C0B20465964009CFE22 /* SFButtonSection.swift */,
				42DBF1A3203754E900F4BB6F /* SFBulletinView.swift */,
				424D5A682045ECF000C029E1 /* SFProfileImageView.swift */,
				42C6724F205CD7C400DA4BCB /* SFPickerView.swift */,
				42C67251205CD7DE00DA4BCB /* SFDatePicker.swift */,
				42838207206DA4D200039F66 /* SFImageZoomView.swift */,
				4211D87A209CD92C00C89FAC /* SFPageBar.swift */,
				4211D87C209CD96200C89FAC /* SFPageView.swift */,
				4299FB28211E1C1100E9F233 /* SFFluidButton.swift */,
				42A42EC21FF1C13E002FE4A7 /* SFVideoView.swift */,
			);
			path = Views;
			sourceTree = "<group>";
		};
		42A42EBD1FF1BA3F002FE4A7 /* SFGradient */ = {
			isa = PBXGroup;
			children = (
				42A42EBE1FF1BC81002FE4A7 /* SFGradientReady.swift */,
				42A42EB91FF1BA36002FE4A7 /* SFGradient.swift */,
				42A42EBB1FF1BA39002FE4A7 /* SFGradientDirection.swift */,
			);
			path = SFGradient;
			sourceTree = "<group>";
		};
		42AE237C20BD05D400314B92 /* AnimationControllers */ = {
			isa = PBXGroup;
			children = (
				42AE237D20BD05EA00314B92 /* SFAnimationController.swift */,
				42AE237F20BD05FD00314B92 /* SFFadeAnimationController.swift */,
			);
			path = AnimationControllers;
			sourceTree = "<group>";
		};
		42B253E61FEA0E820002C297 /* Layout */ = {
			isa = PBXGroup;
			children = (
				423AAC1F1FE76727009D6C39 /* UIViewLayout.swift */,
				423AAC291FE770D5009D6C39 /* Constraint.swift */,
				423AAC2B1FE770E6009D6C39 /* Constraints.swift */,
				42B253E41FEA0E700002C297 /* ConstraintType.swift */,
				423AAC271FE76B57009D6C39 /* SFDimension.swift */,
				423AAC231FE76763009D6C39 /* ConstraintEdge.swift */,
				423AAC251FE7678C009D6C39 /* ConstraintAxis.swift */,
				4223C5161FE7A0C300A2E2F2 /* ConstraintRelation.swift */,
				4299FB26211CC47900E9F233 /* SFLayoutView.swift */,
			);
			path = Layout;
			sourceTree = "<group>";
		};
		42B8DEF620409F1500B5770A /* LoginKit */ = {
			isa = PBXGroup;
			children = (
				42D13475208D436600EFB118 /* SFSignViewController.swift */,
				42087C262142B21900F71CA9 /* SFSignViewTextField.swift */,
				42D13477208D5F3000EFB118 /* SFSignUpView.swift */,
				42D13479208D5F4300EFB118 /* SFSignInView.swift */,
				42D1347B208D5F5500EFB118 /* SFSignView.swift */,
			);
			path = LoginKit;
			sourceTree = "<group>";
		};
		42C701B22016838700EBFBE2 /* Presentation */ = {
			isa = PBXGroup;
			children = (
				42C701B32016839500EBFBE2 /* SFPresentationManager.swift */,
				424BE0C51FF45C20005DE2AD /* SFPopPresentation.swift */,
			);
			path = Presentation;
			sourceTree = "<group>";
		};
		42CB6AFA2036027C0080EFB8 /* ChatKit */ = {
			isa = PBXGroup;
			children = (
				42710AD32136ECF500413898 /* View */,
				42710AD22136ECCF00413898 /* Collection View */,
				42710AD12136ECC700413898 /* Table View */,
				42710AD02136ECB500413898 /* Model */,
			);
			path = ChatKit;
			sourceTree = "<group>";
		};
		B448E1DF1B7B136145C67B66 /* Frameworks */ = {
			isa = PBXGroup;
			children = (
				3B0230C9F419D0411D02E8AB /* Pods_SwifterUI.framework */,
				08B6A698CD50ED99BBE8D49B /* Pods_SwifterUITests.framework */,
				C79BEACC89055D0892977B0E /* Pods_SwifterUIUITests.framework */,
			);
			name = Frameworks;
			sourceTree = "<group>";
		};
/* End PBXGroup section */

/* Begin PBXNativeTarget section */
		423AABEB1FE7548E009D6C39 /* SwifterUI */ = {
			isa = PBXNativeTarget;
			buildConfigurationList = 423AAC141FE7548F009D6C39 /* Build configuration list for PBXNativeTarget "SwifterUI" */;
			buildPhases = (
				3EC29902490D49E8D8A1C5CC /* [CP] Check Pods Manifest.lock */,
				423AABE81FE7548E009D6C39 /* Sources */,
				423AABE91FE7548E009D6C39 /* Frameworks */,
				423AABEA1FE7548E009D6C39 /* Resources */,
				0A33558E8965FD7E47B63AA8 /* [CP] Embed Pods Frameworks */,
				42E176CA216F9EB700A9F33F /* ShellScript */,
			);
			buildRules = (
			);
			dependencies = (
			);
			name = SwifterUI;
			productName = SwifterUI;
			productReference = 423AABEC1FE7548E009D6C39 /* SwifterUI.app */;
			productType = "com.apple.product-type.application";
		};
		423AABFF1FE7548F009D6C39 /* SwifterUITests */ = {
			isa = PBXNativeTarget;
			buildConfigurationList = 423AAC171FE7548F009D6C39 /* Build configuration list for PBXNativeTarget "SwifterUITests" */;
			buildPhases = (
				769D76B67EEEF89CCC8E28C8 /* [CP] Check Pods Manifest.lock */,
				423AABFC1FE7548F009D6C39 /* Sources */,
				423AABFD1FE7548F009D6C39 /* Frameworks */,
				423AABFE1FE7548F009D6C39 /* Resources */,
			);
			buildRules = (
			);
			dependencies = (
				423AAC021FE7548F009D6C39 /* PBXTargetDependency */,
			);
			name = SwifterUITests;
			productName = SwifterUITests;
			productReference = 423AAC001FE7548F009D6C39 /* SwifterUITests.xctest */;
			productType = "com.apple.product-type.bundle.unit-test";
		};
		423AAC0A1FE7548F009D6C39 /* SwifterUIUITests */ = {
			isa = PBXNativeTarget;
			buildConfigurationList = 423AAC1A1FE7548F009D6C39 /* Build configuration list for PBXNativeTarget "SwifterUIUITests" */;
			buildPhases = (
				0F178B2E644C00A03187FB2F /* [CP] Check Pods Manifest.lock */,
				423AAC071FE7548F009D6C39 /* Sources */,
				423AAC081FE7548F009D6C39 /* Frameworks */,
				423AAC091FE7548F009D6C39 /* Resources */,
			);
			buildRules = (
			);
			dependencies = (
				423AAC0D1FE7548F009D6C39 /* PBXTargetDependency */,
			);
			name = SwifterUIUITests;
			productName = SwifterUIUITests;
			productReference = 423AAC0B1FE7548F009D6C39 /* SwifterUIUITests.xctest */;
			productType = "com.apple.product-type.bundle.ui-testing";
		};
/* End PBXNativeTarget section */

/* Begin PBXProject section */
		423AABE41FE7548E009D6C39 /* Project object */ = {
			isa = PBXProject;
			attributes = {
				LastSwiftUpdateCheck = 0920;
				LastUpgradeCheck = 0930;
				ORGANIZATIONNAME = "Brandon Maldonado Alonso";
				TargetAttributes = {
					423AABEB1FE7548E009D6C39 = {
						CreatedOnToolsVersion = 9.2;
						LastSwiftMigration = 1000;
						ProvisioningStyle = Automatic;
					};
					423AABFF1FE7548F009D6C39 = {
						CreatedOnToolsVersion = 9.2;
						LastSwiftMigration = 1000;
						ProvisioningStyle = Automatic;
						TestTargetID = 423AABEB1FE7548E009D6C39;
					};
					423AAC0A1FE7548F009D6C39 = {
						CreatedOnToolsVersion = 9.2;
						LastSwiftMigration = 1000;
						ProvisioningStyle = Automatic;
						TestTargetID = 423AABEB1FE7548E009D6C39;
					};
				};
			};
			buildConfigurationList = 423AABE71FE7548E009D6C39 /* Build configuration list for PBXProject "SwifterUI" */;
			compatibilityVersion = "Xcode 8.0";
			developmentRegion = en;
			hasScannedForEncodings = 0;
			knownRegions = (
				Base,
			);
			mainGroup = 423AABE31FE7548E009D6C39;
			productRefGroup = 423AABED1FE7548E009D6C39 /* Products */;
			projectDirPath = "";
			projectRoot = "";
			targets = (
				423AABEB1FE7548E009D6C39 /* SwifterUI */,
				423AABFF1FE7548F009D6C39 /* SwifterUITests */,
				423AAC0A1FE7548F009D6C39 /* SwifterUIUITests */,
			);
		};
/* End PBXProject section */

/* Begin PBXResourcesBuildPhase section */
		423AABEA1FE7548E009D6C39 /* Resources */ = {
			isa = PBXResourcesBuildPhase;
			buildActionMask = 2147483647;
			files = (
				423AABFA1FE7548F009D6C39 /* LaunchScreen.storyboard in Resources */,
				423AABF71FE7548F009D6C39 /* Assets.xcassets in Resources */,
				42EB9AA821450F8A009353C4 /* Podfile in Resources */,
				42C15E3520BB97B00099B5AD /* SwifterUI.podspec in Resources */,
			);
			runOnlyForDeploymentPostprocessing = 0;
		};
		423AABFE1FE7548F009D6C39 /* Resources */ = {
			isa = PBXResourcesBuildPhase;
			buildActionMask = 2147483647;
			files = (
			);
			runOnlyForDeploymentPostprocessing = 0;
		};
		423AAC091FE7548F009D6C39 /* Resources */ = {
			isa = PBXResourcesBuildPhase;
			buildActionMask = 2147483647;
			files = (
			);
			runOnlyForDeploymentPostprocessing = 0;
		};
/* End PBXResourcesBuildPhase section */

/* Begin PBXShellScriptBuildPhase section */
		0A33558E8965FD7E47B63AA8 /* [CP] Embed Pods Frameworks */ = {
			isa = PBXShellScriptBuildPhase;
			buildActionMask = 2147483647;
			files = (
			);
			inputPaths = (
				"${SRCROOT}/Pods/Target Support Files/Pods-SwifterUI/Pods-SwifterUI-frameworks.sh",
				"${BUILT_PRODUCTS_DIR}/DeepDiff/DeepDiff.framework",
				"${BUILT_PRODUCTS_DIR}/Kingfisher/Kingfisher.framework",
			);
			name = "[CP] Embed Pods Frameworks";
			outputPaths = (
				"${TARGET_BUILD_DIR}/${FRAMEWORKS_FOLDER_PATH}/DeepDiff.framework",
				"${TARGET_BUILD_DIR}/${FRAMEWORKS_FOLDER_PATH}/Kingfisher.framework",
			);
			runOnlyForDeploymentPostprocessing = 0;
			shellPath = /bin/sh;
			shellScript = "\"${SRCROOT}/Pods/Target Support Files/Pods-SwifterUI/Pods-SwifterUI-frameworks.sh\"\n";
			showEnvVarsInLog = 0;
		};
		0F178B2E644C00A03187FB2F /* [CP] Check Pods Manifest.lock */ = {
			isa = PBXShellScriptBuildPhase;
			buildActionMask = 2147483647;
			files = (
			);
			inputPaths = (
				"${PODS_PODFILE_DIR_PATH}/Podfile.lock",
				"${PODS_ROOT}/Manifest.lock",
			);
			name = "[CP] Check Pods Manifest.lock";
			outputPaths = (
				"$(DERIVED_FILE_DIR)/Pods-SwifterUIUITests-checkManifestLockResult.txt",
			);
			runOnlyForDeploymentPostprocessing = 0;
			shellPath = /bin/sh;
			shellScript = "diff \"${PODS_PODFILE_DIR_PATH}/Podfile.lock\" \"${PODS_ROOT}/Manifest.lock\" > /dev/null\nif [ $? != 0 ] ; then\n    # print error to STDERR\n    echo \"error: The sandbox is not in sync with the Podfile.lock. Run 'pod install' or update your CocoaPods installation.\" >&2\n    exit 1\nfi\n# This output is used by Xcode 'outputs' to avoid re-running this script phase.\necho \"SUCCESS\" > \"${SCRIPT_OUTPUT_FILE_0}\"\n";
			showEnvVarsInLog = 0;
		};
		3EC29902490D49E8D8A1C5CC /* [CP] Check Pods Manifest.lock */ = {
			isa = PBXShellScriptBuildPhase;
			buildActionMask = 2147483647;
			files = (
			);
			inputPaths = (
				"${PODS_PODFILE_DIR_PATH}/Podfile.lock",
				"${PODS_ROOT}/Manifest.lock",
			);
			name = "[CP] Check Pods Manifest.lock";
			outputPaths = (
				"$(DERIVED_FILE_DIR)/Pods-SwifterUI-checkManifestLockResult.txt",
			);
			runOnlyForDeploymentPostprocessing = 0;
			shellPath = /bin/sh;
			shellScript = "diff \"${PODS_PODFILE_DIR_PATH}/Podfile.lock\" \"${PODS_ROOT}/Manifest.lock\" > /dev/null\nif [ $? != 0 ] ; then\n    # print error to STDERR\n    echo \"error: The sandbox is not in sync with the Podfile.lock. Run 'pod install' or update your CocoaPods installation.\" >&2\n    exit 1\nfi\n# This output is used by Xcode 'outputs' to avoid re-running this script phase.\necho \"SUCCESS\" > \"${SCRIPT_OUTPUT_FILE_0}\"\n";
			showEnvVarsInLog = 0;
		};
		42E176CA216F9EB700A9F33F /* ShellScript */ = {
			isa = PBXShellScriptBuildPhase;
			buildActionMask = 2147483647;
			files = (
			);
			inputFileListPaths = (
			);
			inputPaths = (
			);
			outputFileListPaths = (
			);
			outputPaths = (
			);
			runOnlyForDeploymentPostprocessing = 0;
			shellPath = /bin/sh;
			shellScript = "#if which swiftlint >/dev/null; then\n#    swiftlint\n#else\n#    echo \"warning: SwiftLint not installed, download from https://github.com/realm/SwiftLint\"\n#fi\n";
		};
		769D76B67EEEF89CCC8E28C8 /* [CP] Check Pods Manifest.lock */ = {
			isa = PBXShellScriptBuildPhase;
			buildActionMask = 2147483647;
			files = (
			);
			inputPaths = (
				"${PODS_PODFILE_DIR_PATH}/Podfile.lock",
				"${PODS_ROOT}/Manifest.lock",
			);
			name = "[CP] Check Pods Manifest.lock";
			outputPaths = (
				"$(DERIVED_FILE_DIR)/Pods-SwifterUITests-checkManifestLockResult.txt",
			);
			runOnlyForDeploymentPostprocessing = 0;
			shellPath = /bin/sh;
			shellScript = "diff \"${PODS_PODFILE_DIR_PATH}/Podfile.lock\" \"${PODS_ROOT}/Manifest.lock\" > /dev/null\nif [ $? != 0 ] ; then\n    # print error to STDERR\n    echo \"error: The sandbox is not in sync with the Podfile.lock. Run 'pod install' or update your CocoaPods installation.\" >&2\n    exit 1\nfi\n# This output is used by Xcode 'outputs' to avoid re-running this script phase.\necho \"SUCCESS\" > \"${SCRIPT_OUTPUT_FILE_0}\"\n";
			showEnvVarsInLog = 0;
		};
/* End PBXShellScriptBuildPhase section */

/* Begin PBXSourcesBuildPhase section */
		423AABE81FE7548E009D6C39 /* Sources */ = {
			isa = PBXSourcesBuildPhase;
			buildActionMask = 2147483647;
			files = (
				42A42EB11FF1AC37002FE4A7 /* SFViewColorStyle.swift in Sources */,
				4299FB29211E1C1100E9F233 /* SFFluidButton.swift in Sources */,
				423AAC2A1FE770D5009D6C39 /* Constraint.swift in Sources */,
				426A7C8E21747A0D0047A125 /* SFChatNavigationView.swift in Sources */,
				42710AC92135A66600413898 /* SFUser.swift in Sources */,
				426FA08520AB8FE800809280 /* SFPDFViewController.swift in Sources */,
				423AAC241FE76763009D6C39 /* ConstraintEdge.swift in Sources */,
				42AE238020BD05FD00314B92 /* SFFadeAnimationController.swift in Sources */,
				42A307A4212A28DE0040D0F1 /* UISpringTimingParameters.swift in Sources */,
				425AFDAE20300C700049B68B /* SFCollectionViewCell.swift in Sources */,
				4211D87B209CD92C00C89FAC /* SFPageBar.swift in Sources */,
				42A42EBC1FF1BA3A002FE4A7 /* SFGradientDirection.swift in Sources */,
				42795F64202FB55300C3767F /* SFSlideBar.swift in Sources */,
				42A42EB51FF1B296002FE4A7 /* SFView.swift in Sources */,
				42710AD52136ED0200413898 /* SFConversationView.swift in Sources */,
				4230E8EA204CC1DA003E5BCC /* SFNotificationIndicator.swift in Sources */,
				42446777202AC57700F59892 /* SFTextView.swift in Sources */,
				42289AE2203481A30095FF5C /* String.swift in Sources */,
				42087C2321427E3100F71CA9 /* SFChatBarButton.swift in Sources */,
				4299FB27211CC47900E9F233 /* SFLayoutView.swift in Sources */,
				4253D3C2203CDEE500507F88 /* SFTabBarController.swift in Sources */,
				42E83BBD202B98F800A341C5 /* SFTableViewCell.swift in Sources */,
				4230E8EC204CC42C003E5BCC /* SFBubbleView.swift in Sources */,
				4211D87D209CD96200C89FAC /* SFPageView.swift in Sources */,
				42D1347A208D5F4300EFB118 /* SFSignInView.swift in Sources */,
				42D1347C208D5F5500EFB118 /* SFSignView.swift in Sources */,
				42710ACD2135AF7200413898 /* SFChat.swift in Sources */,
				42FAD75920B7376C00E5AE19 /* SFDataSection.swift in Sources */,
				42DBF1A4203754E900F4BB6F /* SFBulletinView.swift in Sources */,
				42087C292142B77B00F71CA9 /* SFPopView.swift in Sources */,
				42A42EAF1FF1AC2A002FE4A7 /* SFControllerColorStyle.swift in Sources */,
				423AABF21FE7548F009D6C39 /* ViewController.swift in Sources */,
				424426CB208CC72000AAFCCC /* SFAssets.swift in Sources */,
				423AAC2C1FE770E6009D6C39 /* Constraints.swift in Sources */,
				42A67AC620411B3B00F2FF3E /* UIWindow.swift in Sources */,
				4286042C20A0D27C00D785FC /* SFCollectionManager.swift in Sources */,
				423AAC281FE76B57009D6C39 /* SFDimension.swift in Sources */,
				42C2E17D20422DCA00087B3C /* UIViewController.swift in Sources */,
				424BE0BF1FF45B18005DE2AD /* UIColor.swift in Sources */,
				42BFCFC420537CA700111E17 /* Array.swift in Sources */,
				42446779202AC83000F59892 /* SFButton.swift in Sources */,
				42A42EBA1FF1BA36002FE4A7 /* SFGradient.swift in Sources */,
				42933BF42097D2AB00ED7175 /* SFTableManager.swift in Sources */,
				42D34C6D202F6ECE002B6FA6 /* SFSection.swift in Sources */,
				42ABC4B3212A0B1E001B4B37 /* UIViewPropertyAnimator.swift in Sources */,
				422FC79F2145498B0023F362 /* SFSingleChat.swift in Sources */,
				4223C5171FE7A0C300A2E2F2 /* ConstraintRelation.swift in Sources */,
				42710ACF2135F16100413898 /* SFContactsViewController.swift in Sources */,
				42446773202AC27F00F59892 /* UIView.swift in Sources */,
				42087C2B2142BA9200F71CA9 /* SFPopViewController.swift in Sources */,
				42C701B12016834E00EBFBE2 /* SFSlideViewController.swift in Sources */,
				42B61B7B213846FD007CDE77 /* SFTableViewConversationCell.swift in Sources */,
				424BE0C61FF45C20005DE2AD /* SFPopPresentation.swift in Sources */,
				42B253E51FEA0E700002C297 /* ConstraintType.swift in Sources */,
				4230E8E8204CBF79003E5BCC /* SFTableViewHeaderFooterView.swift in Sources */,
				42A42EBF1FF1BC81002FE4A7 /* SFGradientReady.swift in Sources */,
				424E2C75202378EA00F9A4E2 /* UITextView.swift in Sources */,
				42838206206DA49000039F66 /* SFImageZoomViewController.swift in Sources */,
				420AFCE52080189400D9D778 /* SFTextScrollSection.swift in Sources */,
				42834C0C20465964009CFE22 /* SFButtonSection.swift in Sources */,
				424BE0BB1FF45AD7005DE2AD /* UIFont.swift in Sources */,
				42A42EA91FF1A95F002FE4A7 /* SFColorStyleProtocol.swift in Sources */,
				42F12D05215591D6000B2F51 /* SFTableViewChatCell.swift in Sources */,
				420AFCE7208026CC00D9D778 /* SFStackView.swift in Sources */,
				42A42EAB1FF1A9AB002FE4A7 /* SFColorStyle.swift in Sources */,
				420F5491212E307B00890F07 /* SFDataManager.swift in Sources */,
				42A307A2212A28C60040D0F1 /* CGPoint.swift in Sources */,
				42CDA9BD20361BDE0046791D /* SFChatBar.swift in Sources */,
				424BE0C11FF45B2D005DE2AD /* Date.swift in Sources */,
				42C67250205CD7C400DA4BCB /* SFPickerView.swift in Sources */,
				42AE237E20BD05EA00314B92 /* SFAnimationController.swift in Sources */,
				42D13478208D5F3000EFB118 /* SFSignUpView.swift in Sources */,
				42446775202AC2BB00F59892 /* SFTextField.swift in Sources */,
				42C67252205CD7DE00DA4BCB /* SFDatePicker.swift in Sources */,
				42B61B792138467E007CDE77 /* SFConversationsTableViewController.swift in Sources */,
				42D71B0920D0FF380079EFCE /* SFPageViewController.swift in Sources */,
				42D34C73202FABB3002B6FA6 /* SFNavigationController.swift in Sources */,
				42D34C75202FAF10002B6FA6 /* SFSlideView.swift in Sources */,
				42A8CA6720608CB7004250A1 /* SFCollectionViewHeader.swift in Sources */,
				42FB9F9C202FC8AB006895F4 /* SFTableViewProfileCell.swift in Sources */,
				42DBF1A62037556F00F4BB6F /* SFBulletinController.swift in Sources */,
				42838208206DA4D200039F66 /* SFImageZoomView.swift in Sources */,
				4211D873209C9D9F00C89FAC /* SFPageSectionsViewController.swift in Sources */,
				42CB6AFC203602870080EFB8 /* SFMessage.swift in Sources */,
				42F12D03215591C3000B2F51 /* SFChatViewController.swift in Sources */,
				42D34C65202F5F84002B6FA6 /* SFLabel.swift in Sources */,
				42B7B27D203A611E004B5C6E /* SFScrollView.swift in Sources */,
				423AAC261FE7678C009D6C39 /* ConstraintAxis.swift in Sources */,
				42087C272142B21900F71CA9 /* SFSignViewTextField.swift in Sources */,
				42289AE4203481C70095FF5C /* UITableView.swift in Sources */,
				425AFDAC20300C580049B68B /* SFCollectionView.swift in Sources */,
				42D13476208D436600EFB118 /* SFSignViewController.swift in Sources */,
				42A42EC31FF1C13E002FE4A7 /* SFVideoView.swift in Sources */,
				42A42EAD1FF1AB98002FE4A7 /* SFColors.swift in Sources */,
				4244674F202A9FE900F59892 /* SFTableView.swift in Sources */,
				423AAC201FE76727009D6C39 /* UIViewLayout.swift in Sources */,
				424D5A692045ECF000C029E1 /* SFProfileImageView.swift in Sources */,
				423AABF01FE7548F009D6C39 /* AppDelegate.swift in Sources */,
				42A42EB31FF1AD8C002FE4A7 /* SFViewController.swift in Sources */,
				42C701B42016839500EBFBE2 /* SFPresentationManager.swift in Sources */,
				42B253E31FEA04E90002C297 /* DispatchQueue.swift in Sources */,
			);
			runOnlyForDeploymentPostprocessing = 0;
		};
		423AABFC1FE7548F009D6C39 /* Sources */ = {
			isa = PBXSourcesBuildPhase;
			buildActionMask = 2147483647;
			files = (
				423AAC051FE7548F009D6C39 /* SwifterUITests.swift in Sources */,
			);
			runOnlyForDeploymentPostprocessing = 0;
		};
		423AAC071FE7548F009D6C39 /* Sources */ = {
			isa = PBXSourcesBuildPhase;
			buildActionMask = 2147483647;
			files = (
				423AAC101FE7548F009D6C39 /* SwifterUIUITests.swift in Sources */,
			);
			runOnlyForDeploymentPostprocessing = 0;
		};
/* End PBXSourcesBuildPhase section */

/* Begin PBXTargetDependency section */
		423AAC021FE7548F009D6C39 /* PBXTargetDependency */ = {
			isa = PBXTargetDependency;
			target = 423AABEB1FE7548E009D6C39 /* SwifterUI */;
			targetProxy = 423AAC011FE7548F009D6C39 /* PBXContainerItemProxy */;
		};
		423AAC0D1FE7548F009D6C39 /* PBXTargetDependency */ = {
			isa = PBXTargetDependency;
			target = 423AABEB1FE7548E009D6C39 /* SwifterUI */;
			targetProxy = 423AAC0C1FE7548F009D6C39 /* PBXContainerItemProxy */;
		};
/* End PBXTargetDependency section */

/* Begin PBXVariantGroup section */
		423AABF81FE7548F009D6C39 /* LaunchScreen.storyboard */ = {
			isa = PBXVariantGroup;
			children = (
				423AABF91FE7548F009D6C39 /* Base */,
				422E626F217F7E2900264EE1 /* es */,
			);
			name = LaunchScreen.storyboard;
			sourceTree = "<group>";
		};
/* End PBXVariantGroup section */

/* Begin XCBuildConfiguration section */
		423AAC121FE7548F009D6C39 /* Debug */ = {
			isa = XCBuildConfiguration;
			buildSettings = {
				ALWAYS_SEARCH_USER_PATHS = NO;
				CLANG_ANALYZER_LOCALIZABILITY_NONLOCALIZED = YES;
				CLANG_ANALYZER_NONNULL = YES;
				CLANG_ANALYZER_NUMBER_OBJECT_CONVERSION = YES_AGGRESSIVE;
				CLANG_CXX_LANGUAGE_STANDARD = "gnu++14";
				CLANG_CXX_LIBRARY = "libc++";
				CLANG_ENABLE_MODULES = YES;
				CLANG_ENABLE_OBJC_ARC = YES;
				CLANG_WARN_BLOCK_CAPTURE_AUTORELEASING = YES;
				CLANG_WARN_BOOL_CONVERSION = YES;
				CLANG_WARN_COMMA = YES;
				CLANG_WARN_CONSTANT_CONVERSION = YES;
				CLANG_WARN_DEPRECATED_OBJC_IMPLEMENTATIONS = YES;
				CLANG_WARN_DIRECT_OBJC_ISA_USAGE = YES_ERROR;
				CLANG_WARN_DOCUMENTATION_COMMENTS = YES;
				CLANG_WARN_EMPTY_BODY = YES;
				CLANG_WARN_ENUM_CONVERSION = YES;
				CLANG_WARN_INFINITE_RECURSION = YES;
				CLANG_WARN_INT_CONVERSION = YES;
				CLANG_WARN_NON_LITERAL_NULL_CONVERSION = YES;
				CLANG_WARN_OBJC_IMPLICIT_RETAIN_SELF = YES;
				CLANG_WARN_OBJC_LITERAL_CONVERSION = YES;
				CLANG_WARN_OBJC_ROOT_CLASS = YES_ERROR;
				CLANG_WARN_RANGE_LOOP_ANALYSIS = YES;
				CLANG_WARN_STRICT_PROTOTYPES = YES;
				CLANG_WARN_SUSPICIOUS_MOVE = YES;
				CLANG_WARN_UNGUARDED_AVAILABILITY = YES_AGGRESSIVE;
				CLANG_WARN_UNREACHABLE_CODE = YES;
				CLANG_WARN__DUPLICATE_METHOD_MATCH = YES;
				CODE_SIGN_IDENTITY = "iPhone Developer";
				COPY_PHASE_STRIP = NO;
				DEBUG_INFORMATION_FORMAT = dwarf;
				ENABLE_STRICT_OBJC_MSGSEND = YES;
				ENABLE_TESTABILITY = YES;
				GCC_C_LANGUAGE_STANDARD = gnu11;
				GCC_DYNAMIC_NO_PIC = NO;
				GCC_NO_COMMON_BLOCKS = YES;
				GCC_OPTIMIZATION_LEVEL = 0;
				GCC_PREPROCESSOR_DEFINITIONS = (
					"DEBUG=1",
					"$(inherited)",
				);
				GCC_WARN_64_TO_32_BIT_CONVERSION = YES;
				GCC_WARN_ABOUT_RETURN_TYPE = YES_ERROR;
				GCC_WARN_UNDECLARED_SELECTOR = YES;
				GCC_WARN_UNINITIALIZED_AUTOS = YES_AGGRESSIVE;
				GCC_WARN_UNUSED_FUNCTION = YES;
				GCC_WARN_UNUSED_VARIABLE = YES;
				IPHONEOS_DEPLOYMENT_TARGET = 11.2;
				MTL_ENABLE_DEBUG_INFO = YES;
				ONLY_ACTIVE_ARCH = YES;
				SDKROOT = iphoneos;
				SWIFT_ACTIVE_COMPILATION_CONDITIONS = DEBUG;
				SWIFT_OPTIMIZATION_LEVEL = "-Onone";
				SWIFT_VERSION = 4.0;
			};
			name = Debug;
		};
		423AAC131FE7548F009D6C39 /* Release */ = {
			isa = XCBuildConfiguration;
			buildSettings = {
				ALWAYS_SEARCH_USER_PATHS = NO;
				CLANG_ANALYZER_LOCALIZABILITY_NONLOCALIZED = YES;
				CLANG_ANALYZER_NONNULL = YES;
				CLANG_ANALYZER_NUMBER_OBJECT_CONVERSION = YES_AGGRESSIVE;
				CLANG_CXX_LANGUAGE_STANDARD = "gnu++14";
				CLANG_CXX_LIBRARY = "libc++";
				CLANG_ENABLE_MODULES = YES;
				CLANG_ENABLE_OBJC_ARC = YES;
				CLANG_WARN_BLOCK_CAPTURE_AUTORELEASING = YES;
				CLANG_WARN_BOOL_CONVERSION = YES;
				CLANG_WARN_COMMA = YES;
				CLANG_WARN_CONSTANT_CONVERSION = YES;
				CLANG_WARN_DEPRECATED_OBJC_IMPLEMENTATIONS = YES;
				CLANG_WARN_DIRECT_OBJC_ISA_USAGE = YES_ERROR;
				CLANG_WARN_DOCUMENTATION_COMMENTS = YES;
				CLANG_WARN_EMPTY_BODY = YES;
				CLANG_WARN_ENUM_CONVERSION = YES;
				CLANG_WARN_INFINITE_RECURSION = YES;
				CLANG_WARN_INT_CONVERSION = YES;
				CLANG_WARN_NON_LITERAL_NULL_CONVERSION = YES;
				CLANG_WARN_OBJC_IMPLICIT_RETAIN_SELF = YES;
				CLANG_WARN_OBJC_LITERAL_CONVERSION = YES;
				CLANG_WARN_OBJC_ROOT_CLASS = YES_ERROR;
				CLANG_WARN_RANGE_LOOP_ANALYSIS = YES;
				CLANG_WARN_STRICT_PROTOTYPES = YES;
				CLANG_WARN_SUSPICIOUS_MOVE = YES;
				CLANG_WARN_UNGUARDED_AVAILABILITY = YES_AGGRESSIVE;
				CLANG_WARN_UNREACHABLE_CODE = YES;
				CLANG_WARN__DUPLICATE_METHOD_MATCH = YES;
				CODE_SIGN_IDENTITY = "iPhone Developer";
				COPY_PHASE_STRIP = NO;
				DEBUG_INFORMATION_FORMAT = "dwarf-with-dsym";
				ENABLE_NS_ASSERTIONS = NO;
				ENABLE_STRICT_OBJC_MSGSEND = YES;
				GCC_C_LANGUAGE_STANDARD = gnu11;
				GCC_NO_COMMON_BLOCKS = YES;
				GCC_WARN_64_TO_32_BIT_CONVERSION = YES;
				GCC_WARN_ABOUT_RETURN_TYPE = YES_ERROR;
				GCC_WARN_UNDECLARED_SELECTOR = YES;
				GCC_WARN_UNINITIALIZED_AUTOS = YES_AGGRESSIVE;
				GCC_WARN_UNUSED_FUNCTION = YES;
				GCC_WARN_UNUSED_VARIABLE = YES;
				IPHONEOS_DEPLOYMENT_TARGET = 11.2;
				MTL_ENABLE_DEBUG_INFO = NO;
				SDKROOT = iphoneos;
				SWIFT_OPTIMIZATION_LEVEL = "-Owholemodule";
				SWIFT_VERSION = 4.0;
				VALIDATE_PRODUCT = YES;
			};
			name = Release;
		};
		423AAC151FE7548F009D6C39 /* Debug */ = {
			isa = XCBuildConfiguration;
			baseConfigurationReference = 1A9CD7FA1F40C94061326184 /* Pods-SwifterUI.debug.xcconfig */;
			buildSettings = {
				ASSETCATALOG_COMPILER_APPICON_NAME = AppIcon;
				CODE_SIGN_STYLE = Automatic;
				DEVELOPMENT_TEAM = 568XT5M7M2;
				INFOPLIST_FILE = SwifterUI/Info.plist;
				IPHONEOS_DEPLOYMENT_TARGET = 11.0;
				LD_RUNPATH_SEARCH_PATHS = "$(inherited) @executable_path/Frameworks";
				PRODUCT_BUNDLE_IDENTIFIER = brandon.SwifterUI;
				PRODUCT_NAME = "$(TARGET_NAME)";
				SWIFT_VERSION = 4.2;
				TARGETED_DEVICE_FAMILY = "1,2";
			};
			name = Debug;
		};
		423AAC161FE7548F009D6C39 /* Release */ = {
			isa = XCBuildConfiguration;
			baseConfigurationReference = 5EAB32061D4D2297A66CEEB7 /* Pods-SwifterUI.release.xcconfig */;
			buildSettings = {
				ASSETCATALOG_COMPILER_APPICON_NAME = AppIcon;
				CODE_SIGN_STYLE = Automatic;
				DEVELOPMENT_TEAM = 568XT5M7M2;
				INFOPLIST_FILE = SwifterUI/Info.plist;
				IPHONEOS_DEPLOYMENT_TARGET = 11.0;
				LD_RUNPATH_SEARCH_PATHS = "$(inherited) @executable_path/Frameworks";
				PRODUCT_BUNDLE_IDENTIFIER = brandon.SwifterUI;
				PRODUCT_NAME = "$(TARGET_NAME)";
				SWIFT_VERSION = 4.2;
				TARGETED_DEVICE_FAMILY = "1,2";
			};
			name = Release;
		};
		423AAC181FE7548F009D6C39 /* Debug */ = {
			isa = XCBuildConfiguration;
			baseConfigurationReference = 8114B41A59324EABB723590E /* Pods-SwifterUITests.debug.xcconfig */;
			buildSettings = {
				ALWAYS_EMBED_SWIFT_STANDARD_LIBRARIES = YES;
				BUNDLE_LOADER = "$(TEST_HOST)";
				CODE_SIGN_STYLE = Automatic;
				DEVELOPMENT_TEAM = 5DF77NHZB8;
				INFOPLIST_FILE = SwifterUITests/Info.plist;
				LD_RUNPATH_SEARCH_PATHS = "$(inherited) @executable_path/Frameworks @loader_path/Frameworks";
				PRODUCT_BUNDLE_IDENTIFIER = brandon.SwifterUITests;
				PRODUCT_NAME = "$(TARGET_NAME)";
				SWIFT_VERSION = 4.2;
				TARGETED_DEVICE_FAMILY = "1,2";
				TEST_HOST = "$(BUILT_PRODUCTS_DIR)/SwifterUI.app/SwifterUI";
			};
			name = Debug;
		};
		423AAC191FE7548F009D6C39 /* Release */ = {
			isa = XCBuildConfiguration;
			baseConfigurationReference = 88DF071D2D0B06A0A779E378 /* Pods-SwifterUITests.release.xcconfig */;
			buildSettings = {
				ALWAYS_EMBED_SWIFT_STANDARD_LIBRARIES = YES;
				BUNDLE_LOADER = "$(TEST_HOST)";
				CODE_SIGN_STYLE = Automatic;
				DEVELOPMENT_TEAM = 5DF77NHZB8;
				INFOPLIST_FILE = SwifterUITests/Info.plist;
				LD_RUNPATH_SEARCH_PATHS = "$(inherited) @executable_path/Frameworks @loader_path/Frameworks";
				PRODUCT_BUNDLE_IDENTIFIER = brandon.SwifterUITests;
				PRODUCT_NAME = "$(TARGET_NAME)";
				SWIFT_VERSION = 4.2;
				TARGETED_DEVICE_FAMILY = "1,2";
				TEST_HOST = "$(BUILT_PRODUCTS_DIR)/SwifterUI.app/SwifterUI";
			};
			name = Release;
		};
		423AAC1B1FE7548F009D6C39 /* Debug */ = {
			isa = XCBuildConfiguration;
			baseConfigurationReference = D5C72905FB2DE9EB9D857BED /* Pods-SwifterUIUITests.debug.xcconfig */;
			buildSettings = {
				ALWAYS_EMBED_SWIFT_STANDARD_LIBRARIES = YES;
				CODE_SIGN_STYLE = Automatic;
				DEVELOPMENT_TEAM = 5DF77NHZB8;
				INFOPLIST_FILE = SwifterUIUITests/Info.plist;
				LD_RUNPATH_SEARCH_PATHS = "$(inherited) @executable_path/Frameworks @loader_path/Frameworks";
				PRODUCT_BUNDLE_IDENTIFIER = brandon.SwifterUIUITests;
				PRODUCT_NAME = "$(TARGET_NAME)";
				SWIFT_VERSION = 4.2;
				TARGETED_DEVICE_FAMILY = "1,2";
				TEST_TARGET_NAME = SwifterUI;
			};
			name = Debug;
		};
		423AAC1C1FE7548F009D6C39 /* Release */ = {
			isa = XCBuildConfiguration;
			baseConfigurationReference = 170AABA9ED1D1AF4C192523D /* Pods-SwifterUIUITests.release.xcconfig */;
			buildSettings = {
				ALWAYS_EMBED_SWIFT_STANDARD_LIBRARIES = YES;
				CODE_SIGN_STYLE = Automatic;
				DEVELOPMENT_TEAM = 5DF77NHZB8;
				INFOPLIST_FILE = SwifterUIUITests/Info.plist;
				LD_RUNPATH_SEARCH_PATHS = "$(inherited) @executable_path/Frameworks @loader_path/Frameworks";
				PRODUCT_BUNDLE_IDENTIFIER = brandon.SwifterUIUITests;
				PRODUCT_NAME = "$(TARGET_NAME)";
				SWIFT_VERSION = 4.2;
				TARGETED_DEVICE_FAMILY = "1,2";
				TEST_TARGET_NAME = SwifterUI;
			};
			name = Release;
		};
/* End XCBuildConfiguration section */

/* Begin XCConfigurationList section */
		423AABE71FE7548E009D6C39 /* Build configuration list for PBXProject "SwifterUI" */ = {
			isa = XCConfigurationList;
			buildConfigurations = (
				423AAC121FE7548F009D6C39 /* Debug */,
				423AAC131FE7548F009D6C39 /* Release */,
			);
			defaultConfigurationIsVisible = 0;
			defaultConfigurationName = Release;
		};
		423AAC141FE7548F009D6C39 /* Build configuration list for PBXNativeTarget "SwifterUI" */ = {
			isa = XCConfigurationList;
			buildConfigurations = (
				423AAC151FE7548F009D6C39 /* Debug */,
				423AAC161FE7548F009D6C39 /* Release */,
			);
			defaultConfigurationIsVisible = 0;
			defaultConfigurationName = Release;
		};
		423AAC171FE7548F009D6C39 /* Build configuration list for PBXNativeTarget "SwifterUITests" */ = {
			isa = XCConfigurationList;
			buildConfigurations = (
				423AAC181FE7548F009D6C39 /* Debug */,
				423AAC191FE7548F009D6C39 /* Release */,
			);
			defaultConfigurationIsVisible = 0;
			defaultConfigurationName = Release;
		};
		423AAC1A1FE7548F009D6C39 /* Build configuration list for PBXNativeTarget "SwifterUIUITests" */ = {
			isa = XCConfigurationList;
			buildConfigurations = (
				423AAC1B1FE7548F009D6C39 /* Debug */,
				423AAC1C1FE7548F009D6C39 /* Release */,
			);
			defaultConfigurationIsVisible = 0;
			defaultConfigurationName = Release;
		};
/* End XCConfigurationList section */
	};
	rootObject = 423AABE41FE7548E009D6C39 /* Project object */;
}
